// !$*UTF8*$!
{
	archiveVersion = 1;
	classes = {
	};
	objectVersion = 46;
	objects = {

/* Begin PBXBuildFile section */
		1519F0601974A73A006FBA84 /* StickerDetailViewController.m in Sources */ = {isa = PBXBuildFile; fileRef = 1519F05F1974A73A006FBA84 /* StickerDetailViewController.m */; };
		1519F0631974A754006FBA84 /* DownloadViewController.m in Sources */ = {isa = PBXBuildFile; fileRef = 1519F0621974A754006FBA84 /* DownloadViewController.m */; };
		1519F0661974A770006FBA84 /* DownloadpageViewController.m in Sources */ = {isa = PBXBuildFile; fileRef = 1519F0651974A770006FBA84 /* DownloadpageViewController.m */; };
		15CFAA6919628C7200889EED /* ServerViewController.m in Sources */ = {isa = PBXBuildFile; fileRef = 15CFAA6819628C7200889EED /* ServerViewController.m */; };
		15F140081975232400C147AE /* ChangeLogUnzip in Resources */ = {isa = PBXBuildFile; fileRef = 15F13FFD1975232400C147AE /* ChangeLogUnzip */; };
		15F140091975232400C147AE /* ioapi.c in Sources */ = {isa = PBXBuildFile; fileRef = 15F13FFF1975232400C147AE /* ioapi.c */; };
		15F1400A1975232400C147AE /* Makefile in Sources */ = {isa = PBXBuildFile; fileRef = 15F140011975232400C147AE /* Makefile */; };
		15F1400B1975232400C147AE /* mztools.c in Sources */ = {isa = PBXBuildFile; fileRef = 15F140021975232400C147AE /* mztools.c */; };
		15F1400C1975232400C147AE /* unzip.c in Sources */ = {isa = PBXBuildFile; fileRef = 15F140041975232400C147AE /* unzip.c */; };
		15F1400D1975232400C147AE /* zip.c in Sources */ = {isa = PBXBuildFile; fileRef = 15F140061975232400C147AE /* zip.c */; };
		15F140101975233300C147AE /* ZipArchive.mm in Sources */ = {isa = PBXBuildFile; fileRef = 15F1400F1975233300C147AE /* ZipArchive.mm */; };
		15F140121975239900C147AE /* libz.dylib in Frameworks */ = {isa = PBXBuildFile; fileRef = 15F140111975239900C147AE /* libz.dylib */; };
		15F1401F19757C9200C147AE /* 1.txt in Resources */ = {isa = PBXBuildFile; fileRef = 15F1401B19757C9200C147AE /* 1.txt */; };
		15F1402019757C9200C147AE /* 2.txt in Resources */ = {isa = PBXBuildFile; fileRef = 15F1401C19757C9200C147AE /* 2.txt */; };
		15F1402119757C9200C147AE /* 3.txt in Resources */ = {isa = PBXBuildFile; fileRef = 15F1401D19757C9200C147AE /* 3.txt */; };
		15F1402219757C9200C147AE /* 4.txt in Resources */ = {isa = PBXBuildFile; fileRef = 15F1401E19757C9200C147AE /* 4.txt */; };
		6006B5FD18CF48F70046A82F /* Foundation.framework in Frameworks */ = {isa = PBXBuildFile; fileRef = 6006B5FC18CF48F70046A82F /* Foundation.framework */; };
		6006B5FF18CF48F70046A82F /* CoreGraphics.framework in Frameworks */ = {isa = PBXBuildFile; fileRef = 6006B5FE18CF48F70046A82F /* CoreGraphics.framework */; };
		6006B60118CF48F70046A82F /* UIKit.framework in Frameworks */ = {isa = PBXBuildFile; fileRef = 6006B60018CF48F70046A82F /* UIKit.framework */; };
		6006B60718CF48F70046A82F /* InfoPlist.strings in Resources */ = {isa = PBXBuildFile; fileRef = 6006B60518CF48F70046A82F /* InfoPlist.strings */; };
		6006B60918CF48F70046A82F /* main.m in Sources */ = {isa = PBXBuildFile; fileRef = 6006B60818CF48F70046A82F /* main.m */; };
		6006B60D18CF48F70046A82F /* AppDelegate.m in Sources */ = {isa = PBXBuildFile; fileRef = 6006B60C18CF48F70046A82F /* AppDelegate.m */; };
		6006B61018CF48F70046A82F /* Main.storyboard in Resources */ = {isa = PBXBuildFile; fileRef = 6006B60E18CF48F70046A82F /* Main.storyboard */; };
		6006B61318CF48F70046A82F /* ViewController.m in Sources */ = {isa = PBXBuildFile; fileRef = 6006B61218CF48F70046A82F /* ViewController.m */; };
		6006B61518CF48F70046A82F /* Images.xcassets in Resources */ = {isa = PBXBuildFile; fileRef = 6006B61418CF48F70046A82F /* Images.xcassets */; };
		6006B61C18CF48F70046A82F /* XCTest.framework in Frameworks */ = {isa = PBXBuildFile; fileRef = 6006B61B18CF48F70046A82F /* XCTest.framework */; };
		6006B61D18CF48F70046A82F /* Foundation.framework in Frameworks */ = {isa = PBXBuildFile; fileRef = 6006B5FC18CF48F70046A82F /* Foundation.framework */; };
		6006B61E18CF48F70046A82F /* UIKit.framework in Frameworks */ = {isa = PBXBuildFile; fileRef = 6006B60018CF48F70046A82F /* UIKit.framework */; };
		6006B62618CF48F70046A82F /* InfoPlist.strings in Resources */ = {isa = PBXBuildFile; fileRef = 6006B62418CF48F70046A82F /* InfoPlist.strings */; };
		6006B62818CF48F70046A82F /* picmotTests.m in Sources */ = {isa = PBXBuildFile; fileRef = 6006B62718CF48F70046A82F /* picmotTests.m */; };
		6006B68718CF49450046A82F /* CLImageEditor.bundle in Resources */ = {isa = PBXBuildFile; fileRef = 6006B63218CF49450046A82F /* CLImageEditor.bundle */; };
		6006B68818CF49450046A82F /* CLImageEditor.m in Sources */ = {isa = PBXBuildFile; fileRef = 6006B63418CF49450046A82F /* CLImageEditor.m */; };
		6006B68918CF49450046A82F /* CLImageEditorTheme.m in Sources */ = {isa = PBXBuildFile; fileRef = 6006B63618CF49450046A82F /* CLImageEditorTheme.m */; };
		6006B68A18CF49450046A82F /* CLImageToolInfo.m in Sources */ = {isa = PBXBuildFile; fileRef = 6006B63818CF49450046A82F /* CLImageToolInfo.m */; };
		6006B68B18CF49450046A82F /* CLAdjustmentTool.m in Sources */ = {isa = PBXBuildFile; fileRef = 6006B63C18CF49450046A82F /* CLAdjustmentTool.m */; };
		6006B68C18CF49450046A82F /* CLBlurTool.m in Sources */ = {isa = PBXBuildFile; fileRef = 6006B63F18CF49450046A82F /* CLBlurTool.m */; };
		6006B68D18CF49450046A82F /* CLClippingTool.m in Sources */ = {isa = PBXBuildFile; fileRef = 6006B64218CF49450046A82F /* CLClippingTool.m */; };
		6006B68E18CF49450046A82F /* CLBloomEffect.m in Sources */ = {isa = PBXBuildFile; fileRef = 6006B64618CF49450046A82F /* CLBloomEffect.m */; };
		6006B68F18CF49450046A82F /* CLGloomEffect.m in Sources */ = {isa = PBXBuildFile; fileRef = 6006B64818CF49450046A82F /* CLGloomEffect.m */; };
		6006B69018CF49450046A82F /* CLHighlightShadowEffect.m in Sources */ = {isa = PBXBuildFile; fileRef = 6006B64A18CF49450046A82F /* CLHighlightShadowEffect.m */; };
		6006B69118CF49450046A82F /* CLHueEffect.m in Sources */ = {isa = PBXBuildFile; fileRef = 6006B64C18CF49450046A82F /* CLHueEffect.m */; };
		6006B69218CF49450046A82F /* CLPixellateEffect.m in Sources */ = {isa = PBXBuildFile; fileRef = 6006B64E18CF49450046A82F /* CLPixellateEffect.m */; };
		6006B69318CF49450046A82F /* CLPosterizeEffect.m in Sources */ = {isa = PBXBuildFile; fileRef = 6006B65018CF49450046A82F /* CLPosterizeEffect.m */; };
		6006B69418CF49450046A82F /* CLSpotEffect.m in Sources */ = {isa = PBXBuildFile; fileRef = 6006B65218CF49450046A82F /* CLSpotEffect.m */; };
		6006B69518CF49450046A82F /* CLEffectBase.m in Sources */ = {isa = PBXBuildFile; fileRef = 6006B65418CF49450046A82F /* CLEffectBase.m */; };
		6006B69618CF49450046A82F /* CLEffectTool.m in Sources */ = {isa = PBXBuildFile; fileRef = 6006B65618CF49450046A82F /* CLEffectTool.m */; };
		6006B69718CF49450046A82F /* CLFilterBase.m in Sources */ = {isa = PBXBuildFile; fileRef = 6006B65918CF49450046A82F /* CLFilterBase.m */; };
		6006B69818CF49450046A82F /* CLFilterTool.m in Sources */ = {isa = PBXBuildFile; fileRef = 6006B65B18CF49450046A82F /* CLFilterTool.m */; };
		6006B69918CF49450046A82F /* CLImageToolBase.m in Sources */ = {isa = PBXBuildFile; fileRef = 6006B65D18CF49450046A82F /* CLImageToolBase.m */; };
		6006B69A18CF49450046A82F /* CLRotateTool.m in Sources */ = {isa = PBXBuildFile; fileRef = 6006B66018CF49450046A82F /* CLRotateTool.m */; };
		6006B69B18CF49450046A82F /* CLToneCurveTool.m in Sources */ = {isa = PBXBuildFile; fileRef = 6006B66318CF49450046A82F /* CLToneCurveTool.m */; };
		6006B69C18CF49450046A82F /* CLCircleView.m in Sources */ = {isa = PBXBuildFile; fileRef = 6006B66618CF49450046A82F /* CLCircleView.m */; };
		6006B69D18CF49450046A82F /* CLImageEditorTheme+Private.m in Sources */ = {isa = PBXBuildFile; fileRef = 6006B66818CF49450046A82F /* CLImageEditorTheme+Private.m */; };
		6006B69E18CF49450046A82F /* CLImageToolInfo+Private.m in Sources */ = {isa = PBXBuildFile; fileRef = 6006B66A18CF49450046A82F /* CLImageToolInfo+Private.m */; };
		6006B69F18CF49450046A82F /* CLToolbarMenuItem.m in Sources */ = {isa = PBXBuildFile; fileRef = 6006B66E18CF49450046A82F /* CLToolbarMenuItem.m */; };
		6006B6A018CF49450046A82F /* UIView+CLImageToolInfo.m in Sources */ = {isa = PBXBuildFile; fileRef = 6006B67018CF49450046A82F /* UIView+CLImageToolInfo.m */; };
		6006B6A118CF49450046A82F /* CLClassList.m in Sources */ = {isa = PBXBuildFile; fileRef = 6006B67318CF49450046A82F /* CLClassList.m */; };
		6006B6A218CF49450046A82F /* CLSplineInterpolator.m in Sources */ = {isa = PBXBuildFile; fileRef = 6006B67518CF49450046A82F /* CLSplineInterpolator.m */; };
		6006B6A318CF49450046A82F /* UIDevice+SystemVersion.m in Sources */ = {isa = PBXBuildFile; fileRef = 6006B67718CF49450046A82F /* UIDevice+SystemVersion.m */; };
		6006B6A418CF49450046A82F /* UIImage+Utility.m in Sources */ = {isa = PBXBuildFile; fileRef = 6006B67918CF49450046A82F /* UIImage+Utility.m */; };
		6006B6A518CF49450046A82F /* UIView+Frame.m in Sources */ = {isa = PBXBuildFile; fileRef = 6006B67B18CF49450046A82F /* UIView+Frame.m */; };
		6006B6A618CF49450046A82F /* _CLImageEditorViewController.m in Sources */ = {isa = PBXBuildFile; fileRef = 6006B67E18CF49450046A82F /* _CLImageEditorViewController.m */; };
		6006B6A718CF49450046A82F /* _CLImageEditorViewController.xib in Resources */ = {isa = PBXBuildFile; fileRef = 6006B67F18CF49450046A82F /* _CLImageEditorViewController.xib */; };
		6006B6A818CF49450046A82F /* CLResizeTool.m in Sources */ = {isa = PBXBuildFile; fileRef = 6006B68318CF49450046A82F /* CLResizeTool.m */; };
		6006B6A918CF49450046A82F /* CLStickerTool.m in Sources */ = {isa = PBXBuildFile; fileRef = 6006B68618CF49450046A82F /* CLStickerTool.m */; };
		6006B6AB18CF497C0046A82F /* Accelerate.framework in Frameworks */ = {isa = PBXBuildFile; fileRef = 6006B6AA18CF497C0046A82F /* Accelerate.framework */; };
		6006B6AD18CF49870046A82F /* CoreImage.framework in Frameworks */ = {isa = PBXBuildFile; fileRef = 6006B6AC18CF49870046A82F /* CoreImage.framework */; };
		6006B6AF18CF499A0046A82F /* AVFoundation.framework in Frameworks */ = {isa = PBXBuildFile; fileRef = 6006B6AE18CF499A0046A82F /* AVFoundation.framework */; };
		6006B6B218D044750046A82F /* MotTableViewController.m in Sources */ = {isa = PBXBuildFile; fileRef = 6006B6B118D044750046A82F /* MotTableViewController.m */; };
		6006B6B418D046150046A82F /* pic01.jpg in Resources */ = {isa = PBXBuildFile; fileRef = 6006B6B318D046150046A82F /* pic01.jpg */; };
		6006B6B718D047570046A82F /* MotDetailViewController.m in Sources */ = {isa = PBXBuildFile; fileRef = 6006B6B618D047570046A82F /* MotDetailViewController.m */; };
		603E5241196A67FB002BF4FB /* self_ icon.png in Resources */ = {isa = PBXBuildFile; fileRef = 603E523F196A67FB002BF4FB /* self_ icon.png */; };
		603E5242196A67FB002BF4FB /* self_ icon@2x.png in Resources */ = {isa = PBXBuildFile; fileRef = 603E5240196A67FB002BF4FB /* self_ icon@2x.png */; };
		608E489C18EA85C100DA0FC7 /* QuartzCore.framework in Frameworks */ = {isa = PBXBuildFile; fileRef = 608E489B18EA85C100DA0FC7 /* QuartzCore.framework */; };
		609920561967F27600F999B7 /* CollectionCell.m in Sources */ = {isa = PBXBuildFile; fileRef = 609920551967F27600F999B7 /* CollectionCell.m */; };
		609D7B0019639A79009EE055 /* Social.framework in Frameworks */ = {isa = PBXBuildFile; fileRef = 609D7AFF19639A79009EE055 /* Social.framework */; };
		609D7B2319652E23009EE055 /* icon_line.png in Resources */ = {isa = PBXBuildFile; fileRef = 609D7B1D19652E23009EE055 /* icon_line.png */; };
		609D7B2419652E23009EE055 /* icon_line@2x.png in Resources */ = {isa = PBXBuildFile; fileRef = 609D7B1E19652E23009EE055 /* icon_line@2x.png */; };
		609D7B2519652E23009EE055 /* icon_line@2x~ipad.png in Resources */ = {isa = PBXBuildFile; fileRef = 609D7B1F19652E23009EE055 /* icon_line@2x~ipad.png */; };
		609D7B2619652E23009EE055 /* icon_line~ipad.png in Resources */ = {isa = PBXBuildFile; fileRef = 609D7B2019652E23009EE055 /* icon_line~ipad.png */; };
		609D7B2719652E23009EE055 /* LINEActivity.m in Sources */ = {isa = PBXBuildFile; fileRef = 609D7B2219652E23009EE055 /* LINEActivity.m */; };
		609D7B2E19652E6F009EE055 /* DCKakaoActivity.m in Sources */ = {isa = PBXBuildFile; fileRef = 609D7B2919652E6F009EE055 /* DCKakaoActivity.m */; };
		609D7B2F19652E6F009EE055 /* icon_kakao.png in Resources */ = {isa = PBXBuildFile; fileRef = 609D7B2A19652E6F009EE055 /* icon_kakao.png */; };
		609D7B3019652E6F009EE055 /* icon_kakao@2x.png in Resources */ = {isa = PBXBuildFile; fileRef = 609D7B2B19652E6F009EE055 /* icon_kakao@2x.png */; };
		609D7B4119653FA6009EE055 /* InstagramActivity.m in Sources */ = {isa = PBXBuildFile; fileRef = 609D7B4019653FA6009EE055 /* InstagramActivity.m */; };
		609D7B4819654167009EE055 /* instagram~ipad.png in Resources */ = {isa = PBXBuildFile; fileRef = 609D7B4419654167009EE055 /* instagram~ipad.png */; };
		609D7B4919654167009EE055 /* instagram~ipad@2x.png in Resources */ = {isa = PBXBuildFile; fileRef = 609D7B4519654167009EE055 /* instagram~ipad@2x.png */; };
		609D7B4C19654DD5009EE055 /* instagram.jpeg in Resources */ = {isa = PBXBuildFile; fileRef = 609D7B4A19654DD5009EE055 /* instagram.jpeg */; };
		609D7B4D19654DD5009EE055 /* instagram@2x.jpeg in Resources */ = {isa = PBXBuildFile; fileRef = 609D7B4B19654DD5009EE055 /* instagram@2x.jpeg */; };
		609D7B54196550AD009EE055 /* SelfActivity.m in Sources */ = {isa = PBXBuildFile; fileRef = 609D7B53196550AD009EE055 /* SelfActivity.m */; };
		609D7B5819655E91009EE055 /* mixiActivity.m in Sources */ = {isa = PBXBuildFile; fileRef = 609D7B5719655E91009EE055 /* mixiActivity.m */; };
		609D7B5B196560F9009EE055 /* mixi_icon.png in Resources */ = {isa = PBXBuildFile; fileRef = 609D7B59196560F9009EE055 /* mixi_icon.png */; };
		609D7B5C196560F9009EE055 /* mixi_icon@2x.png in Resources */ = {isa = PBXBuildFile; fileRef = 609D7B5A196560F9009EE055 /* mixi_icon@2x.png */; };
		609D7B6019656423009EE055 /* flickrActivity.m in Sources */ = {isa = PBXBuildFile; fileRef = 609D7B5F19656423009EE055 /* flickrActivity.m */; };
		609D7B6319656EC2009EE055 /* flickr_icon.png in Resources */ = {isa = PBXBuildFile; fileRef = 609D7B6119656EC2009EE055 /* flickr_icon.png */; };
		609D7B6419656EC2009EE055 /* flickr_icon@2x.png in Resources */ = {isa = PBXBuildFile; fileRef = 609D7B6219656EC2009EE055 /* flickr_icon@2x.png */; };
		609D7B6A196684B1009EE055 /* AlbumViewController.m in Sources */ = {isa = PBXBuildFile; fileRef = 609D7B69196684B1009EE055 /* AlbumViewController.m */; };
		609D7B6D196684EA009EE055 /* DetailAlbumViewController.m in Sources */ = {isa = PBXBuildFile; fileRef = 609D7B6C196684EA009EE055 /* DetailAlbumViewController.m */; };
		60A4591018ED268C00220A3B /* Default-568h@2x.png in Resources */ = {isa = PBXBuildFile; fileRef = 60A4590D18ED268C00220A3B /* Default-568h@2x.png */; };
		60A4591118ED268C00220A3B /* Default.png in Resources */ = {isa = PBXBuildFile; fileRef = 60A4590E18ED268C00220A3B /* Default.png */; };
		60A4591218ED268C00220A3B /* Default@2x.png in Resources */ = {isa = PBXBuildFile; fileRef = 60A4590F18ED268C00220A3B /* Default@2x.png */; };
		60A4591918ED27B500220A3B /*  icon1.png in Resources */ = {isa = PBXBuildFile; fileRef = 60A4591318ED27B500220A3B /*  icon1.png */; };
		60A4591A18ED27B500220A3B /*  icon2.png in Resources */ = {isa = PBXBuildFile; fileRef = 60A4591418ED27B500220A3B /*  icon2.png */; };
		60A4591B18ED27B500220A3B /*  icon3.png in Resources */ = {isa = PBXBuildFile; fileRef = 60A4591518ED27B500220A3B /*  icon3.png */; };
		60A4591C18ED27B500220A3B /*  icon4.png in Resources */ = {isa = PBXBuildFile; fileRef = 60A4591618ED27B500220A3B /*  icon4.png */; };
		60A4591D18ED27B500220A3B /*  icon5.png in Resources */ = {isa = PBXBuildFile; fileRef = 60A4591718ED27B500220A3B /*  icon5.png */; };
		60A4591E18ED27B500220A3B /*  icon6.png in Resources */ = {isa = PBXBuildFile; fileRef = 60A4591818ED27B500220A3B /*  icon6.png */; };
		60C4287418EAAE600029FB7A /* 001.png in Resources */ = {isa = PBXBuildFile; fileRef = 60C4287318EAAE600029FB7A /* 001.png */; };
		60C4287618EAB11B0029FB7A /* check30.png in Resources */ = {isa = PBXBuildFile; fileRef = 60C4287518EAB11B0029FB7A /* check30.png */; };
		60DED49618E407CB0077C7A7 /* camera44.png in Resources */ = {isa = PBXBuildFile; fileRef = 60DED49118E407CB0077C7A7 /* camera44.png */; };
		60DED49718E407CB0077C7A7 /* film40.png in Resources */ = {isa = PBXBuildFile; fileRef = 60DED49218E407CB0077C7A7 /* film40.png */; };
		60DED49818E407CB0077C7A7 /* pencil32.png in Resources */ = {isa = PBXBuildFile; fileRef = 60DED49318E407CB0077C7A7 /* pencil32.png */; };
		60DED49918E407CB0077C7A7 /* round41.png in Resources */ = {isa = PBXBuildFile; fileRef = 60DED49418E407CB0077C7A7 /* round41.png */; };
		751E50F4195A6D840059E8D5 /* slice1.png in Resources */ = {isa = PBXBuildFile; fileRef = 751E50F3195A6D840059E8D5 /* slice1.png */; };
		751E50F6195A76340059E8D5 /* motList.plist in Resources */ = {isa = PBXBuildFile; fileRef = 751E50F5195A76340059E8D5 /* motList.plist */; };
		753C813A1975144600B817EB /* GBFlatButton.m in Sources */ = {isa = PBXBuildFile; fileRef = 753C81351975144600B817EB /* GBFlatButton.m */; };
		753C813B1975144600B817EB /* GBFlatSelectableButton.m in Sources */ = {isa = PBXBuildFile; fileRef = 753C81371975144600B817EB /* GBFlatSelectableButton.m */; };
		753C813C1975144600B817EB /* UIColor+GBFlatButton.m in Sources */ = {isa = PBXBuildFile; fileRef = 753C81391975144600B817EB /* UIColor+GBFlatButton.m */; };
		75B4BFFD19765DA2006D3FD1 /* FavoriteViewController.m in Sources */ = {isa = PBXBuildFile; fileRef = 75B4BFFC19765DA2006D3FD1 /* FavoriteViewController.m */; };
/* End PBXBuildFile section */

/* Begin PBXContainerItemProxy section */
		6006B61F18CF48F70046A82F /* PBXContainerItemProxy */ = {
			isa = PBXContainerItemProxy;
			containerPortal = 6006B5F118CF48F70046A82F /* Project object */;
			proxyType = 1;
			remoteGlobalIDString = 6006B5F818CF48F70046A82F;
			remoteInfo = picmot;
		};
/* End PBXContainerItemProxy section */

/* Begin PBXFileReference section */
		1519F05E1974A73A006FBA84 /* StickerDetailViewController.h */ = {isa = PBXFileReference; fileEncoding = 4; lastKnownFileType = sourcecode.c.h; path = StickerDetailViewController.h; sourceTree = "<group>"; };
		1519F05F1974A73A006FBA84 /* StickerDetailViewController.m */ = {isa = PBXFileReference; fileEncoding = 4; lastKnownFileType = sourcecode.c.objc; path = StickerDetailViewController.m; sourceTree = "<group>"; };
		1519F0611974A754006FBA84 /* DownloadViewController.h */ = {isa = PBXFileReference; fileEncoding = 4; lastKnownFileType = sourcecode.c.h; path = DownloadViewController.h; sourceTree = "<group>"; };
		1519F0621974A754006FBA84 /* DownloadViewController.m */ = {isa = PBXFileReference; fileEncoding = 4; lastKnownFileType = sourcecode.c.objc; path = DownloadViewController.m; sourceTree = "<group>"; };
		1519F0641974A770006FBA84 /* DownloadpageViewController.h */ = {isa = PBXFileReference; fileEncoding = 4; lastKnownFileType = sourcecode.c.h; path = DownloadpageViewController.h; sourceTree = "<group>"; };
		1519F0651974A770006FBA84 /* DownloadpageViewController.m */ = {isa = PBXFileReference; fileEncoding = 4; lastKnownFileType = sourcecode.c.objc; path = DownloadpageViewController.m; sourceTree = "<group>"; };
		15CFAA6719628C7200889EED /* ServerViewController.h */ = {isa = PBXFileReference; fileEncoding = 4; lastKnownFileType = sourcecode.c.h; path = ServerViewController.h; sourceTree = "<group>"; };
		15CFAA6819628C7200889EED /* ServerViewController.m */ = {isa = PBXFileReference; fileEncoding = 4; lastKnownFileType = sourcecode.c.objc; path = ServerViewController.m; sourceTree = "<group>"; };
		15F13FFD1975232400C147AE /* ChangeLogUnzip */ = {isa = PBXFileReference; fileEncoding = 4; lastKnownFileType = text; path = ChangeLogUnzip; sourceTree = "<group>"; };
		15F13FFE1975232400C147AE /* crypt.h */ = {isa = PBXFileReference; fileEncoding = 4; lastKnownFileType = sourcecode.c.h; path = crypt.h; sourceTree = "<group>"; };
		15F13FFF1975232400C147AE /* ioapi.c */ = {isa = PBXFileReference; fileEncoding = 4; lastKnownFileType = sourcecode.c.c; path = ioapi.c; sourceTree = "<group>"; };
		15F140001975232400C147AE /* ioapi.h */ = {isa = PBXFileReference; fileEncoding = 4; lastKnownFileType = sourcecode.c.h; path = ioapi.h; sourceTree = "<group>"; };
		15F140011975232400C147AE /* Makefile */ = {isa = PBXFileReference; fileEncoding = 4; lastKnownFileType = sourcecode.make; path = Makefile; sourceTree = "<group>"; };
		15F140021975232400C147AE /* mztools.c */ = {isa = PBXFileReference; fileEncoding = 4; lastKnownFileType = sourcecode.c.c; path = mztools.c; sourceTree = "<group>"; };
		15F140031975232400C147AE /* mztools.h */ = {isa = PBXFileReference; fileEncoding = 4; lastKnownFileType = sourcecode.c.h; path = mztools.h; sourceTree = "<group>"; };
		15F140041975232400C147AE /* unzip.c */ = {isa = PBXFileReference; fileEncoding = 4; lastKnownFileType = sourcecode.c.c; path = unzip.c; sourceTree = "<group>"; };
		15F140051975232400C147AE /* unzip.h */ = {isa = PBXFileReference; fileEncoding = 4; lastKnownFileType = sourcecode.c.h; path = unzip.h; sourceTree = "<group>"; };
		15F140061975232400C147AE /* zip.c */ = {isa = PBXFileReference; fileEncoding = 4; lastKnownFileType = sourcecode.c.c; path = zip.c; sourceTree = "<group>"; };
		15F140071975232400C147AE /* zip.h */ = {isa = PBXFileReference; fileEncoding = 4; lastKnownFileType = sourcecode.c.h; path = zip.h; sourceTree = "<group>"; };
		15F1400E1975233300C147AE /* ZipArchive.h */ = {isa = PBXFileReference; fileEncoding = 4; lastKnownFileType = sourcecode.c.h; name = ZipArchive.h; path = ziparchive/ZipArchive.h; sourceTree = "<group>"; };
		15F1400F1975233300C147AE /* ZipArchive.mm */ = {isa = PBXFileReference; fileEncoding = 4; lastKnownFileType = sourcecode.cpp.objcpp; name = ZipArchive.mm; path = ziparchive/ZipArchive.mm; sourceTree = "<group>"; };
		15F140111975239900C147AE /* libz.dylib */ = {isa = PBXFileReference; lastKnownFileType = "compiled.mach-o.dylib"; name = libz.dylib; path = usr/lib/libz.dylib; sourceTree = SDKROOT; };
		15F1401B19757C9200C147AE /* 1.txt */ = {isa = PBXFileReference; fileEncoding = 4; lastKnownFileType = text; path = 1.txt; sourceTree = "<group>"; };
		15F1401C19757C9200C147AE /* 2.txt */ = {isa = PBXFileReference; fileEncoding = 4; lastKnownFileType = text; path = 2.txt; sourceTree = "<group>"; };
		15F1401D19757C9200C147AE /* 3.txt */ = {isa = PBXFileReference; fileEncoding = 4; lastKnownFileType = text; path = 3.txt; sourceTree = "<group>"; };
		15F1401E19757C9200C147AE /* 4.txt */ = {isa = PBXFileReference; fileEncoding = 4; lastKnownFileType = text; path = 4.txt; sourceTree = "<group>"; };
		6006B5F918CF48F70046A82F /* picmot.app */ = {isa = PBXFileReference; explicitFileType = wrapper.application; includeInIndex = 0; path = picmot.app; sourceTree = BUILT_PRODUCTS_DIR; };
		6006B5FC18CF48F70046A82F /* Foundation.framework */ = {isa = PBXFileReference; lastKnownFileType = wrapper.framework; name = Foundation.framework; path = System/Library/Frameworks/Foundation.framework; sourceTree = SDKROOT; };
		6006B5FE18CF48F70046A82F /* CoreGraphics.framework */ = {isa = PBXFileReference; lastKnownFileType = wrapper.framework; name = CoreGraphics.framework; path = System/Library/Frameworks/CoreGraphics.framework; sourceTree = SDKROOT; };
		6006B60018CF48F70046A82F /* UIKit.framework */ = {isa = PBXFileReference; lastKnownFileType = wrapper.framework; name = UIKit.framework; path = System/Library/Frameworks/UIKit.framework; sourceTree = SDKROOT; };
		6006B60418CF48F70046A82F /* picmot-Info.plist */ = {isa = PBXFileReference; lastKnownFileType = text.plist.xml; path = "picmot-Info.plist"; sourceTree = "<group>"; };
		6006B60618CF48F70046A82F /* en */ = {isa = PBXFileReference; lastKnownFileType = text.plist.strings; name = en; path = en.lproj/InfoPlist.strings; sourceTree = "<group>"; };
		6006B60818CF48F70046A82F /* main.m */ = {isa = PBXFileReference; lastKnownFileType = sourcecode.c.objc; path = main.m; sourceTree = "<group>"; };
		6006B60A18CF48F70046A82F /* picmot-Prefix.pch */ = {isa = PBXFileReference; lastKnownFileType = sourcecode.c.h; path = "picmot-Prefix.pch"; sourceTree = "<group>"; };
		6006B60B18CF48F70046A82F /* AppDelegate.h */ = {isa = PBXFileReference; lastKnownFileType = sourcecode.c.h; path = AppDelegate.h; sourceTree = "<group>"; };
		6006B60C18CF48F70046A82F /* AppDelegate.m */ = {isa = PBXFileReference; lastKnownFileType = sourcecode.c.objc; path = AppDelegate.m; sourceTree = "<group>"; };
		6006B60F18CF48F70046A82F /* Base */ = {isa = PBXFileReference; lastKnownFileType = file.storyboard; name = Base; path = Base.lproj/Main.storyboard; sourceTree = "<group>"; };
		6006B61118CF48F70046A82F /* ViewController.h */ = {isa = PBXFileReference; lastKnownFileType = sourcecode.c.h; path = ViewController.h; sourceTree = "<group>"; };
		6006B61218CF48F70046A82F /* ViewController.m */ = {isa = PBXFileReference; lastKnownFileType = sourcecode.c.objc; path = ViewController.m; sourceTree = "<group>"; };
		6006B61418CF48F70046A82F /* Images.xcassets */ = {isa = PBXFileReference; lastKnownFileType = folder.assetcatalog; path = Images.xcassets; sourceTree = "<group>"; };
		6006B61A18CF48F70046A82F /* picmotTests.xctest */ = {isa = PBXFileReference; explicitFileType = wrapper.cfbundle; includeInIndex = 0; path = picmotTests.xctest; sourceTree = BUILT_PRODUCTS_DIR; };
		6006B61B18CF48F70046A82F /* XCTest.framework */ = {isa = PBXFileReference; lastKnownFileType = wrapper.framework; name = XCTest.framework; path = Library/Frameworks/XCTest.framework; sourceTree = DEVELOPER_DIR; };
		6006B62318CF48F70046A82F /* picmotTests-Info.plist */ = {isa = PBXFileReference; lastKnownFileType = text.plist.xml; path = "picmotTests-Info.plist"; sourceTree = "<group>"; };
		6006B62518CF48F70046A82F /* en */ = {isa = PBXFileReference; lastKnownFileType = text.plist.strings; name = en; path = en.lproj/InfoPlist.strings; sourceTree = "<group>"; };
		6006B62718CF48F70046A82F /* picmotTests.m */ = {isa = PBXFileReference; lastKnownFileType = sourcecode.c.objc; path = picmotTests.m; sourceTree = "<group>"; };
		6006B63218CF49450046A82F /* CLImageEditor.bundle */ = {isa = PBXFileReference; lastKnownFileType = "wrapper.plug-in"; path = CLImageEditor.bundle; sourceTree = "<group>"; };
		6006B63318CF49450046A82F /* CLImageEditor.h */ = {isa = PBXFileReference; fileEncoding = 4; lastKnownFileType = sourcecode.c.h; path = CLImageEditor.h; sourceTree = "<group>"; };
		6006B63418CF49450046A82F /* CLImageEditor.m */ = {isa = PBXFileReference; fileEncoding = 4; lastKnownFileType = sourcecode.c.objc; path = CLImageEditor.m; sourceTree = "<group>"; };
		6006B63518CF49450046A82F /* CLImageEditorTheme.h */ = {isa = PBXFileReference; fileEncoding = 4; lastKnownFileType = sourcecode.c.h; path = CLImageEditorTheme.h; sourceTree = "<group>"; };
		6006B63618CF49450046A82F /* CLImageEditorTheme.m */ = {isa = PBXFileReference; fileEncoding = 4; lastKnownFileType = sourcecode.c.objc; path = CLImageEditorTheme.m; sourceTree = "<group>"; };
		6006B63718CF49450046A82F /* CLImageToolInfo.h */ = {isa = PBXFileReference; fileEncoding = 4; lastKnownFileType = sourcecode.c.h; path = CLImageToolInfo.h; sourceTree = "<group>"; };
		6006B63818CF49450046A82F /* CLImageToolInfo.m */ = {isa = PBXFileReference; fileEncoding = 4; lastKnownFileType = sourcecode.c.objc; path = CLImageToolInfo.m; sourceTree = "<group>"; };
		6006B63B18CF49450046A82F /* CLAdjustmentTool.h */ = {isa = PBXFileReference; fileEncoding = 4; lastKnownFileType = sourcecode.c.h; path = CLAdjustmentTool.h; sourceTree = "<group>"; };
		6006B63C18CF49450046A82F /* CLAdjustmentTool.m */ = {isa = PBXFileReference; fileEncoding = 4; lastKnownFileType = sourcecode.c.objc; path = CLAdjustmentTool.m; sourceTree = "<group>"; };
		6006B63E18CF49450046A82F /* CLBlurTool.h */ = {isa = PBXFileReference; fileEncoding = 4; lastKnownFileType = sourcecode.c.h; path = CLBlurTool.h; sourceTree = "<group>"; };
		6006B63F18CF49450046A82F /* CLBlurTool.m */ = {isa = PBXFileReference; fileEncoding = 4; lastKnownFileType = sourcecode.c.objc; path = CLBlurTool.m; sourceTree = "<group>"; };
		6006B64118CF49450046A82F /* CLClippingTool.h */ = {isa = PBXFileReference; fileEncoding = 4; lastKnownFileType = sourcecode.c.h; path = CLClippingTool.h; sourceTree = "<group>"; };
		6006B64218CF49450046A82F /* CLClippingTool.m */ = {isa = PBXFileReference; fileEncoding = 4; lastKnownFileType = sourcecode.c.objc; path = CLClippingTool.m; sourceTree = "<group>"; };
		6006B64518CF49450046A82F /* CLBloomEffect.h */ = {isa = PBXFileReference; fileEncoding = 4; lastKnownFileType = sourcecode.c.h; path = CLBloomEffect.h; sourceTree = "<group>"; };
		6006B64618CF49450046A82F /* CLBloomEffect.m */ = {isa = PBXFileReference; fileEncoding = 4; lastKnownFileType = sourcecode.c.objc; path = CLBloomEffect.m; sourceTree = "<group>"; };
		6006B64718CF49450046A82F /* CLGloomEffect.h */ = {isa = PBXFileReference; fileEncoding = 4; lastKnownFileType = sourcecode.c.h; path = CLGloomEffect.h; sourceTree = "<group>"; };
		6006B64818CF49450046A82F /* CLGloomEffect.m */ = {isa = PBXFileReference; fileEncoding = 4; lastKnownFileType = sourcecode.c.objc; path = CLGloomEffect.m; sourceTree = "<group>"; };
		6006B64918CF49450046A82F /* CLHighlightShadowEffect.h */ = {isa = PBXFileReference; fileEncoding = 4; lastKnownFileType = sourcecode.c.h; path = CLHighlightShadowEffect.h; sourceTree = "<group>"; };
		6006B64A18CF49450046A82F /* CLHighlightShadowEffect.m */ = {isa = PBXFileReference; fileEncoding = 4; lastKnownFileType = sourcecode.c.objc; path = CLHighlightShadowEffect.m; sourceTree = "<group>"; };
		6006B64B18CF49450046A82F /* CLHueEffect.h */ = {isa = PBXFileReference; fileEncoding = 4; lastKnownFileType = sourcecode.c.h; path = CLHueEffect.h; sourceTree = "<group>"; };
		6006B64C18CF49450046A82F /* CLHueEffect.m */ = {isa = PBXFileReference; fileEncoding = 4; lastKnownFileType = sourcecode.c.objc; path = CLHueEffect.m; sourceTree = "<group>"; };
		6006B64D18CF49450046A82F /* CLPixellateEffect.h */ = {isa = PBXFileReference; fileEncoding = 4; lastKnownFileType = sourcecode.c.h; path = CLPixellateEffect.h; sourceTree = "<group>"; };
		6006B64E18CF49450046A82F /* CLPixellateEffect.m */ = {isa = PBXFileReference; fileEncoding = 4; lastKnownFileType = sourcecode.c.objc; path = CLPixellateEffect.m; sourceTree = "<group>"; };
		6006B64F18CF49450046A82F /* CLPosterizeEffect.h */ = {isa = PBXFileReference; fileEncoding = 4; lastKnownFileType = sourcecode.c.h; path = CLPosterizeEffect.h; sourceTree = "<group>"; };
		6006B65018CF49450046A82F /* CLPosterizeEffect.m */ = {isa = PBXFileReference; fileEncoding = 4; lastKnownFileType = sourcecode.c.objc; path = CLPosterizeEffect.m; sourceTree = "<group>"; };
		6006B65118CF49450046A82F /* CLSpotEffect.h */ = {isa = PBXFileReference; fileEncoding = 4; lastKnownFileType = sourcecode.c.h; path = CLSpotEffect.h; sourceTree = "<group>"; };
		6006B65218CF49450046A82F /* CLSpotEffect.m */ = {isa = PBXFileReference; fileEncoding = 4; lastKnownFileType = sourcecode.c.objc; path = CLSpotEffect.m; sourceTree = "<group>"; };
		6006B65318CF49450046A82F /* CLEffectBase.h */ = {isa = PBXFileReference; fileEncoding = 4; lastKnownFileType = sourcecode.c.h; path = CLEffectBase.h; sourceTree = "<group>"; };
		6006B65418CF49450046A82F /* CLEffectBase.m */ = {isa = PBXFileReference; fileEncoding = 4; lastKnownFileType = sourcecode.c.objc; path = CLEffectBase.m; sourceTree = "<group>"; };
		6006B65518CF49450046A82F /* CLEffectTool.h */ = {isa = PBXFileReference; fileEncoding = 4; lastKnownFileType = sourcecode.c.h; path = CLEffectTool.h; sourceTree = "<group>"; };
		6006B65618CF49450046A82F /* CLEffectTool.m */ = {isa = PBXFileReference; fileEncoding = 4; lastKnownFileType = sourcecode.c.objc; path = CLEffectTool.m; sourceTree = "<group>"; };
		6006B65818CF49450046A82F /* CLFilterBase.h */ = {isa = PBXFileReference; fileEncoding = 4; lastKnownFileType = sourcecode.c.h; path = CLFilterBase.h; sourceTree = "<group>"; };
		6006B65918CF49450046A82F /* CLFilterBase.m */ = {isa = PBXFileReference; fileEncoding = 4; lastKnownFileType = sourcecode.c.objc; path = CLFilterBase.m; sourceTree = "<group>"; };
		6006B65A18CF49450046A82F /* CLFilterTool.h */ = {isa = PBXFileReference; fileEncoding = 4; lastKnownFileType = sourcecode.c.h; path = CLFilterTool.h; sourceTree = "<group>"; };
		6006B65B18CF49450046A82F /* CLFilterTool.m */ = {isa = PBXFileReference; fileEncoding = 4; lastKnownFileType = sourcecode.c.objc; path = CLFilterTool.m; sourceTree = "<group>"; };
		6006B65C18CF49450046A82F /* CLImageToolBase.h */ = {isa = PBXFileReference; fileEncoding = 4; lastKnownFileType = sourcecode.c.h; path = CLImageToolBase.h; sourceTree = "<group>"; };
		6006B65D18CF49450046A82F /* CLImageToolBase.m */ = {isa = PBXFileReference; fileEncoding = 4; lastKnownFileType = sourcecode.c.objc; path = CLImageToolBase.m; sourceTree = "<group>"; };
		6006B65F18CF49450046A82F /* CLRotateTool.h */ = {isa = PBXFileReference; fileEncoding = 4; lastKnownFileType = sourcecode.c.h; path = CLRotateTool.h; sourceTree = "<group>"; };
		6006B66018CF49450046A82F /* CLRotateTool.m */ = {isa = PBXFileReference; fileEncoding = 4; lastKnownFileType = sourcecode.c.objc; path = CLRotateTool.m; sourceTree = "<group>"; };
		6006B66218CF49450046A82F /* CLToneCurveTool.h */ = {isa = PBXFileReference; fileEncoding = 4; lastKnownFileType = sourcecode.c.h; path = CLToneCurveTool.h; sourceTree = "<group>"; };
		6006B66318CF49450046A82F /* CLToneCurveTool.m */ = {isa = PBXFileReference; fileEncoding = 4; lastKnownFileType = sourcecode.c.objc; path = CLToneCurveTool.m; sourceTree = "<group>"; };
		6006B66518CF49450046A82F /* CLCircleView.h */ = {isa = PBXFileReference; fileEncoding = 4; lastKnownFileType = sourcecode.c.h; path = CLCircleView.h; sourceTree = "<group>"; };
		6006B66618CF49450046A82F /* CLCircleView.m */ = {isa = PBXFileReference; fileEncoding = 4; lastKnownFileType = sourcecode.c.objc; path = CLCircleView.m; sourceTree = "<group>"; };
		6006B66718CF49450046A82F /* CLImageEditorTheme+Private.h */ = {isa = PBXFileReference; fileEncoding = 4; lastKnownFileType = sourcecode.c.h; path = "CLImageEditorTheme+Private.h"; sourceTree = "<group>"; };
		6006B66818CF49450046A82F /* CLImageEditorTheme+Private.m */ = {isa = PBXFileReference; fileEncoding = 4; lastKnownFileType = sourcecode.c.objc; path = "CLImageEditorTheme+Private.m"; sourceTree = "<group>"; };
		6006B66918CF49450046A82F /* CLImageToolInfo+Private.h */ = {isa = PBXFileReference; fileEncoding = 4; lastKnownFileType = sourcecode.c.h; path = "CLImageToolInfo+Private.h"; sourceTree = "<group>"; };
		6006B66A18CF49450046A82F /* CLImageToolInfo+Private.m */ = {isa = PBXFileReference; fileEncoding = 4; lastKnownFileType = sourcecode.c.objc; path = "CLImageToolInfo+Private.m"; sourceTree = "<group>"; };
		6006B66B18CF49450046A82F /* CLImageToolProtocol.h */ = {isa = PBXFileReference; fileEncoding = 4; lastKnownFileType = sourcecode.c.h; path = CLImageToolProtocol.h; sourceTree = "<group>"; };
		6006B66C18CF49450046A82F /* CLImageToolSettings.h */ = {isa = PBXFileReference; fileEncoding = 4; lastKnownFileType = sourcecode.c.h; path = CLImageToolSettings.h; sourceTree = "<group>"; };
		6006B66D18CF49450046A82F /* CLToolbarMenuItem.h */ = {isa = PBXFileReference; fileEncoding = 4; lastKnownFileType = sourcecode.c.h; path = CLToolbarMenuItem.h; sourceTree = "<group>"; };
		6006B66E18CF49450046A82F /* CLToolbarMenuItem.m */ = {isa = PBXFileReference; fileEncoding = 4; lastKnownFileType = sourcecode.c.objc; path = CLToolbarMenuItem.m; sourceTree = "<group>"; };
		6006B66F18CF49450046A82F /* UIView+CLImageToolInfo.h */ = {isa = PBXFileReference; fileEncoding = 4; lastKnownFileType = sourcecode.c.h; path = "UIView+CLImageToolInfo.h"; sourceTree = "<group>"; };
		6006B67018CF49450046A82F /* UIView+CLImageToolInfo.m */ = {isa = PBXFileReference; fileEncoding = 4; lastKnownFileType = sourcecode.c.objc; path = "UIView+CLImageToolInfo.m"; sourceTree = "<group>"; };
		6006B67218CF49450046A82F /* CLClassList.h */ = {isa = PBXFileReference; fileEncoding = 4; lastKnownFileType = sourcecode.c.h; path = CLClassList.h; sourceTree = "<group>"; };
		6006B67318CF49450046A82F /* CLClassList.m */ = {isa = PBXFileReference; fileEncoding = 4; lastKnownFileType = sourcecode.c.objc; path = CLClassList.m; sourceTree = "<group>"; };
		6006B67418CF49450046A82F /* CLSplineInterpolator.h */ = {isa = PBXFileReference; fileEncoding = 4; lastKnownFileType = sourcecode.c.h; path = CLSplineInterpolator.h; sourceTree = "<group>"; };
		6006B67518CF49450046A82F /* CLSplineInterpolator.m */ = {isa = PBXFileReference; fileEncoding = 4; lastKnownFileType = sourcecode.c.objc; path = CLSplineInterpolator.m; sourceTree = "<group>"; };
		6006B67618CF49450046A82F /* UIDevice+SystemVersion.h */ = {isa = PBXFileReference; fileEncoding = 4; lastKnownFileType = sourcecode.c.h; path = "UIDevice+SystemVersion.h"; sourceTree = "<group>"; };
		6006B67718CF49450046A82F /* UIDevice+SystemVersion.m */ = {isa = PBXFileReference; fileEncoding = 4; lastKnownFileType = sourcecode.c.objc; path = "UIDevice+SystemVersion.m"; sourceTree = "<group>"; };
		6006B67818CF49450046A82F /* UIImage+Utility.h */ = {isa = PBXFileReference; fileEncoding = 4; lastKnownFileType = sourcecode.c.h; path = "UIImage+Utility.h"; sourceTree = "<group>"; };
		6006B67918CF49450046A82F /* UIImage+Utility.m */ = {isa = PBXFileReference; fileEncoding = 4; lastKnownFileType = sourcecode.c.objc; path = "UIImage+Utility.m"; sourceTree = "<group>"; };
		6006B67A18CF49450046A82F /* UIView+Frame.h */ = {isa = PBXFileReference; fileEncoding = 4; lastKnownFileType = sourcecode.c.h; path = "UIView+Frame.h"; sourceTree = "<group>"; };
		6006B67B18CF49450046A82F /* UIView+Frame.m */ = {isa = PBXFileReference; fileEncoding = 4; lastKnownFileType = sourcecode.c.objc; path = "UIView+Frame.m"; sourceTree = "<group>"; };
		6006B67D18CF49450046A82F /* _CLImageEditorViewController.h */ = {isa = PBXFileReference; fileEncoding = 4; lastKnownFileType = sourcecode.c.h; path = _CLImageEditorViewController.h; sourceTree = "<group>"; };
		6006B67E18CF49450046A82F /* _CLImageEditorViewController.m */ = {isa = PBXFileReference; fileEncoding = 4; lastKnownFileType = sourcecode.c.objc; path = _CLImageEditorViewController.m; sourceTree = "<group>"; };
		6006B67F18CF49450046A82F /* _CLImageEditorViewController.xib */ = {isa = PBXFileReference; fileEncoding = 4; lastKnownFileType = file.xib; path = _CLImageEditorViewController.xib; sourceTree = "<group>"; };
		6006B68218CF49450046A82F /* CLResizeTool.h */ = {isa = PBXFileReference; fileEncoding = 4; lastKnownFileType = sourcecode.c.h; path = CLResizeTool.h; sourceTree = "<group>"; };
		6006B68318CF49450046A82F /* CLResizeTool.m */ = {isa = PBXFileReference; fileEncoding = 4; lastKnownFileType = sourcecode.c.objc; path = CLResizeTool.m; sourceTree = "<group>"; };
		6006B68518CF49450046A82F /* CLStickerTool.h */ = {isa = PBXFileReference; fileEncoding = 4; lastKnownFileType = sourcecode.c.h; path = CLStickerTool.h; sourceTree = "<group>"; };
		6006B68618CF49450046A82F /* CLStickerTool.m */ = {isa = PBXFileReference; fileEncoding = 4; lastKnownFileType = sourcecode.c.objc; path = CLStickerTool.m; sourceTree = "<group>"; };
		6006B6AA18CF497C0046A82F /* Accelerate.framework */ = {isa = PBXFileReference; lastKnownFileType = wrapper.framework; name = Accelerate.framework; path = System/Library/Frameworks/Accelerate.framework; sourceTree = SDKROOT; };
		6006B6AC18CF49870046A82F /* CoreImage.framework */ = {isa = PBXFileReference; lastKnownFileType = wrapper.framework; name = CoreImage.framework; path = System/Library/Frameworks/CoreImage.framework; sourceTree = SDKROOT; };
		6006B6AE18CF499A0046A82F /* AVFoundation.framework */ = {isa = PBXFileReference; lastKnownFileType = wrapper.framework; name = AVFoundation.framework; path = System/Library/Frameworks/AVFoundation.framework; sourceTree = SDKROOT; };
		6006B6B018D044750046A82F /* MotTableViewController.h */ = {isa = PBXFileReference; fileEncoding = 4; lastKnownFileType = sourcecode.c.h; path = MotTableViewController.h; sourceTree = "<group>"; };
		6006B6B118D044750046A82F /* MotTableViewController.m */ = {isa = PBXFileReference; fileEncoding = 4; lastKnownFileType = sourcecode.c.objc; path = MotTableViewController.m; sourceTree = "<group>"; };
		6006B6B318D046150046A82F /* pic01.jpg */ = {isa = PBXFileReference; lastKnownFileType = image.jpeg; path = pic01.jpg; sourceTree = "<group>"; };
		6006B6B518D047570046A82F /* MotDetailViewController.h */ = {isa = PBXFileReference; fileEncoding = 4; lastKnownFileType = sourcecode.c.h; path = MotDetailViewController.h; sourceTree = "<group>"; };
		6006B6B618D047570046A82F /* MotDetailViewController.m */ = {isa = PBXFileReference; fileEncoding = 4; lastKnownFileType = sourcecode.c.objc; path = MotDetailViewController.m; sourceTree = "<group>"; };
		603E523F196A67FB002BF4FB /* self_ icon.png */ = {isa = PBXFileReference; lastKnownFileType = image.png; name = "self_ icon.png"; path = "picmot/self_ icon.png"; sourceTree = SOURCE_ROOT; };
		603E5240196A67FB002BF4FB /* self_ icon@2x.png */ = {isa = PBXFileReference; lastKnownFileType = image.png; name = "self_ icon@2x.png"; path = "picmot/self_ icon@2x.png"; sourceTree = SOURCE_ROOT; };
		608E489B18EA85C100DA0FC7 /* QuartzCore.framework */ = {isa = PBXFileReference; lastKnownFileType = wrapper.framework; name = QuartzCore.framework; path = System/Library/Frameworks/QuartzCore.framework; sourceTree = SDKROOT; };
		609920541967F27600F999B7 /* CollectionCell.h */ = {isa = PBXFileReference; fileEncoding = 4; lastKnownFileType = sourcecode.c.h; path = CollectionCell.h; sourceTree = "<group>"; };
		609920551967F27600F999B7 /* CollectionCell.m */ = {isa = PBXFileReference; fileEncoding = 4; lastKnownFileType = sourcecode.c.objc; path = CollectionCell.m; sourceTree = "<group>"; };
		609D7AFF19639A79009EE055 /* Social.framework */ = {isa = PBXFileReference; lastKnownFileType = wrapper.framework; name = Social.framework; path = System/Library/Frameworks/Social.framework; sourceTree = SDKROOT; };
		609D7B1D19652E23009EE055 /* icon_line.png */ = {isa = PBXFileReference; lastKnownFileType = image.png; name = icon_line.png; path = picmot/LineActivity/icon_line.png; sourceTree = SOURCE_ROOT; };
		609D7B1E19652E23009EE055 /* icon_line@2x.png */ = {isa = PBXFileReference; lastKnownFileType = image.png; name = "icon_line@2x.png"; path = "picmot/LineActivity/icon_line@2x.png"; sourceTree = SOURCE_ROOT; };
		609D7B1F19652E23009EE055 /* icon_line@2x~ipad.png */ = {isa = PBXFileReference; lastKnownFileType = image.png; name = "icon_line@2x~ipad.png"; path = "picmot/LineActivity/icon_line@2x~ipad.png"; sourceTree = SOURCE_ROOT; };
		609D7B2019652E23009EE055 /* icon_line~ipad.png */ = {isa = PBXFileReference; lastKnownFileType = image.png; name = "icon_line~ipad.png"; path = "picmot/LineActivity/icon_line~ipad.png"; sourceTree = SOURCE_ROOT; };
		609D7B2119652E23009EE055 /* LINEActivity.h */ = {isa = PBXFileReference; fileEncoding = 4; lastKnownFileType = sourcecode.c.h; name = LINEActivity.h; path = picmot/LineActivity/LINEActivity.h; sourceTree = SOURCE_ROOT; };
		609D7B2219652E23009EE055 /* LINEActivity.m */ = {isa = PBXFileReference; fileEncoding = 4; lastKnownFileType = sourcecode.c.objc; name = LINEActivity.m; path = picmot/LineActivity/LINEActivity.m; sourceTree = SOURCE_ROOT; };
		609D7B2819652E6F009EE055 /* DCKakaoActivity.h */ = {isa = PBXFileReference; fileEncoding = 4; lastKnownFileType = sourcecode.c.h; name = DCKakaoActivity.h; path = picmot/LineActivity/DCKakaoActivity.h; sourceTree = SOURCE_ROOT; };
		609D7B2919652E6F009EE055 /* DCKakaoActivity.m */ = {isa = PBXFileReference; fileEncoding = 4; lastKnownFileType = sourcecode.c.objc; name = DCKakaoActivity.m; path = picmot/LineActivity/DCKakaoActivity.m; sourceTree = SOURCE_ROOT; };
		609D7B2A19652E6F009EE055 /* icon_kakao.png */ = {isa = PBXFileReference; lastKnownFileType = image.png; name = icon_kakao.png; path = picmot/LineActivity/icon_kakao.png; sourceTree = SOURCE_ROOT; };
		609D7B2B19652E6F009EE055 /* icon_kakao@2x.png */ = {isa = PBXFileReference; lastKnownFileType = image.png; name = "icon_kakao@2x.png"; path = "picmot/LineActivity/icon_kakao@2x.png"; sourceTree = SOURCE_ROOT; };
		609D7B3F19653FA6009EE055 /* InstagramActivity.h */ = {isa = PBXFileReference; fileEncoding = 4; lastKnownFileType = sourcecode.c.h; name = InstagramActivity.h; path = picmot/UIActivity/InstagramActivity.h; sourceTree = SOURCE_ROOT; };
		609D7B4019653FA6009EE055 /* InstagramActivity.m */ = {isa = PBXFileReference; fileEncoding = 4; lastKnownFileType = sourcecode.c.objc; name = InstagramActivity.m; path = picmot/UIActivity/InstagramActivity.m; sourceTree = SOURCE_ROOT; };
		609D7B4419654167009EE055 /* instagram~ipad.png */ = {isa = PBXFileReference; lastKnownFileType = image.png; name = "instagram~ipad.png"; path = "picmot/UIActivity/instagram~ipad.png"; sourceTree = SOURCE_ROOT; };
		609D7B4519654167009EE055 /* instagram~ipad@2x.png */ = {isa = PBXFileReference; lastKnownFileType = image.png; name = "instagram~ipad@2x.png"; path = "picmot/UIActivity/instagram~ipad@2x.png"; sourceTree = SOURCE_ROOT; };
		609D7B4A19654DD5009EE055 /* instagram.jpeg */ = {isa = PBXFileReference; lastKnownFileType = image.jpeg; name = instagram.jpeg; path = picmot/UIActivity/instagram.jpeg; sourceTree = SOURCE_ROOT; };
		609D7B4B19654DD5009EE055 /* instagram@2x.jpeg */ = {isa = PBXFileReference; lastKnownFileType = image.jpeg; name = "instagram@2x.jpeg"; path = "picmot/UIActivity/instagram@2x.jpeg"; sourceTree = SOURCE_ROOT; };
		609D7B52196550AD009EE055 /* SelfActivity.h */ = {isa = PBXFileReference; fileEncoding = 4; lastKnownFileType = sourcecode.c.h; name = SelfActivity.h; path = picmot/UIActivity/SelfActivity.h; sourceTree = SOURCE_ROOT; };
		609D7B53196550AD009EE055 /* SelfActivity.m */ = {isa = PBXFileReference; fileEncoding = 4; lastKnownFileType = sourcecode.c.objc; name = SelfActivity.m; path = picmot/UIActivity/SelfActivity.m; sourceTree = SOURCE_ROOT; };
		609D7B5619655E91009EE055 /* mixiActivity.h */ = {isa = PBXFileReference; fileEncoding = 4; lastKnownFileType = sourcecode.c.h; name = mixiActivity.h; path = picmot/UIActivity/mixiActivity.h; sourceTree = SOURCE_ROOT; };
		609D7B5719655E91009EE055 /* mixiActivity.m */ = {isa = PBXFileReference; fileEncoding = 4; lastKnownFileType = sourcecode.c.objc; name = mixiActivity.m; path = picmot/UIActivity/mixiActivity.m; sourceTree = SOURCE_ROOT; };
		609D7B59196560F9009EE055 /* mixi_icon.png */ = {isa = PBXFileReference; lastKnownFileType = image.png; name = mixi_icon.png; path = picmot/UIActivity/mixi_icon.png; sourceTree = SOURCE_ROOT; };
		609D7B5A196560F9009EE055 /* mixi_icon@2x.png */ = {isa = PBXFileReference; lastKnownFileType = image.png; name = "mixi_icon@2x.png"; path = "picmot/UIActivity/mixi_icon@2x.png"; sourceTree = SOURCE_ROOT; };
		609D7B5E19656423009EE055 /* flickrActivity.h */ = {isa = PBXFileReference; fileEncoding = 4; lastKnownFileType = sourcecode.c.h; name = flickrActivity.h; path = picmot/UIActivity/flickrActivity.h; sourceTree = SOURCE_ROOT; };
		609D7B5F19656423009EE055 /* flickrActivity.m */ = {isa = PBXFileReference; fileEncoding = 4; lastKnownFileType = sourcecode.c.objc; name = flickrActivity.m; path = picmot/UIActivity/flickrActivity.m; sourceTree = SOURCE_ROOT; };
		609D7B6119656EC2009EE055 /* flickr_icon.png */ = {isa = PBXFileReference; lastKnownFileType = image.png; name = flickr_icon.png; path = picmot/UIActivity/flickr_icon.png; sourceTree = SOURCE_ROOT; };
		609D7B6219656EC2009EE055 /* flickr_icon@2x.png */ = {isa = PBXFileReference; lastKnownFileType = image.png; name = "flickr_icon@2x.png"; path = "picmot/UIActivity/flickr_icon@2x.png"; sourceTree = SOURCE_ROOT; };
		609D7B68196684B1009EE055 /* AlbumViewController.h */ = {isa = PBXFileReference; fileEncoding = 4; lastKnownFileType = sourcecode.c.h; path = AlbumViewController.h; sourceTree = "<group>"; };
		609D7B69196684B1009EE055 /* AlbumViewController.m */ = {isa = PBXFileReference; fileEncoding = 4; lastKnownFileType = sourcecode.c.objc; path = AlbumViewController.m; sourceTree = "<group>"; };
		609D7B6B196684EA009EE055 /* DetailAlbumViewController.h */ = {isa = PBXFileReference; fileEncoding = 4; lastKnownFileType = sourcecode.c.h; path = DetailAlbumViewController.h; sourceTree = "<group>"; };
		609D7B6C196684EA009EE055 /* DetailAlbumViewController.m */ = {isa = PBXFileReference; fileEncoding = 4; lastKnownFileType = sourcecode.c.objc; path = DetailAlbumViewController.m; sourceTree = "<group>"; };
		60A4590D18ED268C00220A3B /* Default-568h@2x.png */ = {isa = PBXFileReference; lastKnownFileType = image.png; path = "Default-568h@2x.png"; sourceTree = "<group>"; };
		60A4590E18ED268C00220A3B /* Default.png */ = {isa = PBXFileReference; lastKnownFileType = image.png; path = Default.png; sourceTree = "<group>"; };
		60A4590F18ED268C00220A3B /* Default@2x.png */ = {isa = PBXFileReference; lastKnownFileType = image.png; path = "Default@2x.png"; sourceTree = "<group>"; };
		60A4591318ED27B500220A3B /*  icon1.png */ = {isa = PBXFileReference; lastKnownFileType = image.png; path = " icon1.png"; sourceTree = "<group>"; };
		60A4591418ED27B500220A3B /*  icon2.png */ = {isa = PBXFileReference; lastKnownFileType = image.png; path = " icon2.png"; sourceTree = "<group>"; };
		60A4591518ED27B500220A3B /*  icon3.png */ = {isa = PBXFileReference; lastKnownFileType = image.png; path = " icon3.png"; sourceTree = "<group>"; };
		60A4591618ED27B500220A3B /*  icon4.png */ = {isa = PBXFileReference; lastKnownFileType = image.png; path = " icon4.png"; sourceTree = "<group>"; };
		60A4591718ED27B500220A3B /*  icon5.png */ = {isa = PBXFileReference; lastKnownFileType = image.png; path = " icon5.png"; sourceTree = "<group>"; };
		60A4591818ED27B500220A3B /*  icon6.png */ = {isa = PBXFileReference; lastKnownFileType = image.png; path = " icon6.png"; sourceTree = "<group>"; };
		60C4287318EAAE600029FB7A /* 001.png */ = {isa = PBXFileReference; lastKnownFileType = image.png; path = 001.png; sourceTree = "<group>"; };
		60C4287518EAB11B0029FB7A /* check30.png */ = {isa = PBXFileReference; lastKnownFileType = image.png; path = check30.png; sourceTree = "<group>"; };
		60DED49118E407CB0077C7A7 /* camera44.png */ = {isa = PBXFileReference; lastKnownFileType = image.png; path = camera44.png; sourceTree = "<group>"; };
		60DED49218E407CB0077C7A7 /* film40.png */ = {isa = PBXFileReference; lastKnownFileType = image.png; path = film40.png; sourceTree = "<group>"; };
		60DED49318E407CB0077C7A7 /* pencil32.png */ = {isa = PBXFileReference; lastKnownFileType = image.png; path = pencil32.png; sourceTree = "<group>"; };
		60DED49418E407CB0077C7A7 /* round41.png */ = {isa = PBXFileReference; lastKnownFileType = image.png; path = round41.png; sourceTree = "<group>"; };
		751E50F3195A6D840059E8D5 /* slice1.png */ = {isa = PBXFileReference; lastKnownFileType = image.png; path = slice1.png; sourceTree = "<group>"; };
		751E50F5195A76340059E8D5 /* motList.plist */ = {isa = PBXFileReference; fileEncoding = 4; lastKnownFileType = text.plist.xml; path = motList.plist; sourceTree = "<group>"; };
		753C81341975144600B817EB /* GBFlatButton.h */ = {isa = PBXFileReference; fileEncoding = 4; lastKnownFileType = sourcecode.c.h; path = GBFlatButton.h; sourceTree = "<group>"; };
		753C81351975144600B817EB /* GBFlatButton.m */ = {isa = PBXFileReference; fileEncoding = 4; lastKnownFileType = sourcecode.c.objc; path = GBFlatButton.m; sourceTree = "<group>"; };
		753C81361975144600B817EB /* GBFlatSelectableButton.h */ = {isa = PBXFileReference; fileEncoding = 4; lastKnownFileType = sourcecode.c.h; path = GBFlatSelectableButton.h; sourceTree = "<group>"; };
		753C81371975144600B817EB /* GBFlatSelectableButton.m */ = {isa = PBXFileReference; fileEncoding = 4; lastKnownFileType = sourcecode.c.objc; path = GBFlatSelectableButton.m; sourceTree = "<group>"; };
		753C81381975144600B817EB /* UIColor+GBFlatButton.h */ = {isa = PBXFileReference; fileEncoding = 4; lastKnownFileType = sourcecode.c.h; path = "UIColor+GBFlatButton.h"; sourceTree = "<group>"; };
		753C81391975144600B817EB /* UIColor+GBFlatButton.m */ = {isa = PBXFileReference; fileEncoding = 4; lastKnownFileType = sourcecode.c.objc; path = "UIColor+GBFlatButton.m"; sourceTree = "<group>"; };
		75B4BFFB19765DA2006D3FD1 /* FavoriteViewController.h */ = {isa = PBXFileReference; fileEncoding = 4; lastKnownFileType = sourcecode.c.h; path = FavoriteViewController.h; sourceTree = "<group>"; };
		75B4BFFC19765DA2006D3FD1 /* FavoriteViewController.m */ = {isa = PBXFileReference; fileEncoding = 4; lastKnownFileType = sourcecode.c.objc; path = FavoriteViewController.m; sourceTree = "<group>"; };
/* End PBXFileReference section */

/* Begin PBXFrameworksBuildPhase section */
		6006B5F618CF48F70046A82F /* Frameworks */ = {
			isa = PBXFrameworksBuildPhase;
			buildActionMask = 2147483647;
			files = (
				609D7B0019639A79009EE055 /* Social.framework in Frameworks */,
				15F140121975239900C147AE /* libz.dylib in Frameworks */,
				608E489C18EA85C100DA0FC7 /* QuartzCore.framework in Frameworks */,
				6006B6AF18CF499A0046A82F /* AVFoundation.framework in Frameworks */,
				6006B6AD18CF49870046A82F /* CoreImage.framework in Frameworks */,
				6006B6AB18CF497C0046A82F /* Accelerate.framework in Frameworks */,
				6006B5FF18CF48F70046A82F /* CoreGraphics.framework in Frameworks */,
				6006B60118CF48F70046A82F /* UIKit.framework in Frameworks */,
				6006B5FD18CF48F70046A82F /* Foundation.framework in Frameworks */,
			);
			runOnlyForDeploymentPostprocessing = 0;
		};
		6006B61718CF48F70046A82F /* Frameworks */ = {
			isa = PBXFrameworksBuildPhase;
			buildActionMask = 2147483647;
			files = (
				6006B61C18CF48F70046A82F /* XCTest.framework in Frameworks */,
				6006B61E18CF48F70046A82F /* UIKit.framework in Frameworks */,
				6006B61D18CF48F70046A82F /* Foundation.framework in Frameworks */,
			);
			runOnlyForDeploymentPostprocessing = 0;
		};
/* End PBXFrameworksBuildPhase section */

/* Begin PBXGroup section */
		15F13FFC1975232400C147AE /* minizip */ = {
			isa = PBXGroup;
			children = (
				15F13FFD1975232400C147AE /* ChangeLogUnzip */,
				15F13FFE1975232400C147AE /* crypt.h */,
				15F13FFF1975232400C147AE /* ioapi.c */,
				15F140001975232400C147AE /* ioapi.h */,
				15F140011975232400C147AE /* Makefile */,
				15F140021975232400C147AE /* mztools.c */,
				15F140031975232400C147AE /* mztools.h */,
				15F140041975232400C147AE /* unzip.c */,
				15F140051975232400C147AE /* unzip.h */,
				15F140061975232400C147AE /* zip.c */,
				15F140071975232400C147AE /* zip.h */,
			);
			name = minizip;
			path = ziparchive/minizip;
			sourceTree = "<group>";
		};
		6006B5F018CF48F70046A82F = {
			isa = PBXGroup;
			children = (
				6006B60218CF48F70046A82F /* picmot */,
				6006B63118CF49450046A82F /* CLImageEditor */,
				6006B68018CF49450046A82F /* OptionalImageTools */,
				6006B62118CF48F70046A82F /* picmotTests */,
				6006B5FA18CF48F70046A82F /* Products */,
				6006B5FB18CF48F70046A82F /* Frameworks */,
			);
			sourceTree = "<group>";
		};
		6006B5FA18CF48F70046A82F /* Products */ = {
			isa = PBXGroup;
			children = (
				6006B5F918CF48F70046A82F /* picmot.app */,
				6006B61A18CF48F70046A82F /* picmotTests.xctest */,
			);
			name = Products;
			sourceTree = "<group>";
		};
		6006B5FB18CF48F70046A82F /* Frameworks */ = {
			isa = PBXGroup;
			children = (
				609D7AFF19639A79009EE055 /* Social.framework */,
				15F140111975239900C147AE /* libz.dylib */,
				608E489B18EA85C100DA0FC7 /* QuartzCore.framework */,
				6006B6AE18CF499A0046A82F /* AVFoundation.framework */,
				6006B6AC18CF49870046A82F /* CoreImage.framework */,
				6006B6AA18CF497C0046A82F /* Accelerate.framework */,
				6006B5FC18CF48F70046A82F /* Foundation.framework */,
				6006B5FE18CF48F70046A82F /* CoreGraphics.framework */,
				6006B60018CF48F70046A82F /* UIKit.framework */,
				6006B61B18CF48F70046A82F /* XCTest.framework */,
			);
			name = Frameworks;
			sourceTree = "<group>";
		};
		6006B60218CF48F70046A82F /* picmot */ = {
			isa = PBXGroup;
			children = (
				15F1400E1975233300C147AE /* ZipArchive.h */,
				15F1400F1975233300C147AE /* ZipArchive.mm */,
				15F13FFC1975232400C147AE /* minizip */,
				6006B60E18CF48F70046A82F /* Main.storyboard */,
				6006B60B18CF48F70046A82F /* AppDelegate.h */,
				6006B60C18CF48F70046A82F /* AppDelegate.m */,
				6006B61118CF48F70046A82F /* ViewController.h */,
				6006B61218CF48F70046A82F /* ViewController.m */,
				6006B6B018D044750046A82F /* MotTableViewController.h */,
				6006B6B118D044750046A82F /* MotTableViewController.m */,
				6006B6B518D047570046A82F /* MotDetailViewController.h */,
				6006B6B618D047570046A82F /* MotDetailViewController.m */,
				609D7B68196684B1009EE055 /* AlbumViewController.h */,
				609D7B69196684B1009EE055 /* AlbumViewController.m */,
				609D7B6B196684EA009EE055 /* DetailAlbumViewController.h */,
				609D7B6C196684EA009EE055 /* DetailAlbumViewController.m */,
				609920541967F27600F999B7 /* CollectionCell.h */,
				609920551967F27600F999B7 /* CollectionCell.m */,
				75B4BFFB19765DA2006D3FD1 /* FavoriteViewController.h */,
				75B4BFFC19765DA2006D3FD1 /* FavoriteViewController.m */,
				753C81331975144600B817EB /* favoriteBtn */,
				15CFAA6719628C7200889EED /* ServerViewController.h */,
				15CFAA6819628C7200889EED /* ServerViewController.m */,
				1519F05E1974A73A006FBA84 /* StickerDetailViewController.h */,
				1519F05F1974A73A006FBA84 /* StickerDetailViewController.m */,
				1519F0611974A754006FBA84 /* DownloadViewController.h */,
				1519F0621974A754006FBA84 /* DownloadViewController.m */,
				1519F0641974A770006FBA84 /* DownloadpageViewController.h */,
				1519F0651974A770006FBA84 /* DownloadpageViewController.m */,
				6006B61418CF48F70046A82F /* Images.xcassets */,
				751E50F2195A6D840059E8D5 /* mot_img */,
				6006B60318CF48F70046A82F /* Supporting Files */,
			);
			path = picmot;
			sourceTree = "<group>";
		};
		6006B60318CF48F70046A82F /* Supporting Files */ = {
			isa = PBXGroup;
			children = (
				60DED48D18E3FE960077C7A7 /* image */,
				6006B60418CF48F70046A82F /* picmot-Info.plist */,
				751E50F5195A76340059E8D5 /* motList.plist */,
				6006B60518CF48F70046A82F /* InfoPlist.strings */,
				6006B60818CF48F70046A82F /* main.m */,
				6006B60A18CF48F70046A82F /* picmot-Prefix.pch */,
			);
			name = "Supporting Files";
			sourceTree = "<group>";
		};
		6006B62118CF48F70046A82F /* picmotTests */ = {
			isa = PBXGroup;
			children = (
				6006B62718CF48F70046A82F /* picmotTests.m */,
				6006B62218CF48F70046A82F /* Supporting Files */,
			);
			path = picmotTests;
			sourceTree = "<group>";
		};
		6006B62218CF48F70046A82F /* Supporting Files */ = {
			isa = PBXGroup;
			children = (
				6006B62318CF48F70046A82F /* picmotTests-Info.plist */,
				6006B62418CF48F70046A82F /* InfoPlist.strings */,
			);
			name = "Supporting Files";
			sourceTree = "<group>";
		};
		6006B63118CF49450046A82F /* CLImageEditor */ = {
			isa = PBXGroup;
			children = (
				6006B63218CF49450046A82F /* CLImageEditor.bundle */,
				6006B63318CF49450046A82F /* CLImageEditor.h */,
				6006B63418CF49450046A82F /* CLImageEditor.m */,
				6006B63518CF49450046A82F /* CLImageEditorTheme.h */,
				6006B63618CF49450046A82F /* CLImageEditorTheme.m */,
				6006B63718CF49450046A82F /* CLImageToolInfo.h */,
				6006B63818CF49450046A82F /* CLImageToolInfo.m */,
				6006B63918CF49450046A82F /* ImageTools */,
				6006B67118CF49450046A82F /* Utils */,
				6006B67C18CF49450046A82F /* ViewController */,
			);
			path = CLImageEditor;
			sourceTree = "<group>";
		};
		6006B63918CF49450046A82F /* ImageTools */ = {
			isa = PBXGroup;
			children = (
				6006B63A18CF49450046A82F /* CLAdjustmentTool */,
				6006B63D18CF49450046A82F /* CLBlurTool */,
				6006B64018CF49450046A82F /* CLClippingTool */,
				6006B64318CF49450046A82F /* CLEffectTool */,
				6006B65718CF49450046A82F /* CLFilterTool */,
				6006B65C18CF49450046A82F /* CLImageToolBase.h */,
				6006B65D18CF49450046A82F /* CLImageToolBase.m */,
				6006B65E18CF49450046A82F /* CLRotateTool */,
				6006B66118CF49450046A82F /* CLToneCurveTool */,
				6006B66418CF49450046A82F /* ToolSettings */,
			);
			path = ImageTools;
			sourceTree = "<group>";
		};
		6006B63A18CF49450046A82F /* CLAdjustmentTool */ = {
			isa = PBXGroup;
			children = (
				6006B63B18CF49450046A82F /* CLAdjustmentTool.h */,
				6006B63C18CF49450046A82F /* CLAdjustmentTool.m */,
			);
			path = CLAdjustmentTool;
			sourceTree = "<group>";
		};
		6006B63D18CF49450046A82F /* CLBlurTool */ = {
			isa = PBXGroup;
			children = (
				6006B63E18CF49450046A82F /* CLBlurTool.h */,
				6006B63F18CF49450046A82F /* CLBlurTool.m */,
			);
			path = CLBlurTool;
			sourceTree = "<group>";
		};
		6006B64018CF49450046A82F /* CLClippingTool */ = {
			isa = PBXGroup;
			children = (
				6006B64118CF49450046A82F /* CLClippingTool.h */,
				6006B64218CF49450046A82F /* CLClippingTool.m */,
			);
			path = CLClippingTool;
			sourceTree = "<group>";
		};
		6006B64318CF49450046A82F /* CLEffectTool */ = {
			isa = PBXGroup;
			children = (
				6006B64418CF49450046A82F /* CLEffect */,
				6006B65318CF49450046A82F /* CLEffectBase.h */,
				6006B65418CF49450046A82F /* CLEffectBase.m */,
				6006B65518CF49450046A82F /* CLEffectTool.h */,
				6006B65618CF49450046A82F /* CLEffectTool.m */,
			);
			path = CLEffectTool;
			sourceTree = "<group>";
		};
		6006B64418CF49450046A82F /* CLEffect */ = {
			isa = PBXGroup;
			children = (
				6006B64518CF49450046A82F /* CLBloomEffect.h */,
				6006B64618CF49450046A82F /* CLBloomEffect.m */,
				6006B64718CF49450046A82F /* CLGloomEffect.h */,
				6006B64818CF49450046A82F /* CLGloomEffect.m */,
				6006B64918CF49450046A82F /* CLHighlightShadowEffect.h */,
				6006B64A18CF49450046A82F /* CLHighlightShadowEffect.m */,
				6006B64B18CF49450046A82F /* CLHueEffect.h */,
				6006B64C18CF49450046A82F /* CLHueEffect.m */,
				6006B64D18CF49450046A82F /* CLPixellateEffect.h */,
				6006B64E18CF49450046A82F /* CLPixellateEffect.m */,
				6006B64F18CF49450046A82F /* CLPosterizeEffect.h */,
				6006B65018CF49450046A82F /* CLPosterizeEffect.m */,
				6006B65118CF49450046A82F /* CLSpotEffect.h */,
				6006B65218CF49450046A82F /* CLSpotEffect.m */,
			);
			path = CLEffect;
			sourceTree = "<group>";
		};
		6006B65718CF49450046A82F /* CLFilterTool */ = {
			isa = PBXGroup;
			children = (
				6006B65818CF49450046A82F /* CLFilterBase.h */,
				6006B65918CF49450046A82F /* CLFilterBase.m */,
				6006B65A18CF49450046A82F /* CLFilterTool.h */,
				6006B65B18CF49450046A82F /* CLFilterTool.m */,
			);
			path = CLFilterTool;
			sourceTree = "<group>";
		};
		6006B65E18CF49450046A82F /* CLRotateTool */ = {
			isa = PBXGroup;
			children = (
				6006B65F18CF49450046A82F /* CLRotateTool.h */,
				6006B66018CF49450046A82F /* CLRotateTool.m */,
			);
			path = CLRotateTool;
			sourceTree = "<group>";
		};
		6006B66118CF49450046A82F /* CLToneCurveTool */ = {
			isa = PBXGroup;
			children = (
				6006B66218CF49450046A82F /* CLToneCurveTool.h */,
				6006B66318CF49450046A82F /* CLToneCurveTool.m */,
			);
			path = CLToneCurveTool;
			sourceTree = "<group>";
		};
		6006B66418CF49450046A82F /* ToolSettings */ = {
			isa = PBXGroup;
			children = (
				6006B66518CF49450046A82F /* CLCircleView.h */,
				6006B66618CF49450046A82F /* CLCircleView.m */,
				6006B66718CF49450046A82F /* CLImageEditorTheme+Private.h */,
				6006B66818CF49450046A82F /* CLImageEditorTheme+Private.m */,
				6006B66918CF49450046A82F /* CLImageToolInfo+Private.h */,
				6006B66A18CF49450046A82F /* CLImageToolInfo+Private.m */,
				6006B66B18CF49450046A82F /* CLImageToolProtocol.h */,
				6006B66C18CF49450046A82F /* CLImageToolSettings.h */,
				6006B66D18CF49450046A82F /* CLToolbarMenuItem.h */,
				6006B66E18CF49450046A82F /* CLToolbarMenuItem.m */,
				6006B66F18CF49450046A82F /* UIView+CLImageToolInfo.h */,
				6006B67018CF49450046A82F /* UIView+CLImageToolInfo.m */,
			);
			path = ToolSettings;
			sourceTree = "<group>";
		};
		6006B67118CF49450046A82F /* Utils */ = {
			isa = PBXGroup;
			children = (
				6006B67218CF49450046A82F /* CLClassList.h */,
				6006B67318CF49450046A82F /* CLClassList.m */,
				6006B67418CF49450046A82F /* CLSplineInterpolator.h */,
				6006B67518CF49450046A82F /* CLSplineInterpolator.m */,
				6006B67618CF49450046A82F /* UIDevice+SystemVersion.h */,
				6006B67718CF49450046A82F /* UIDevice+SystemVersion.m */,
				6006B67818CF49450046A82F /* UIImage+Utility.h */,
				6006B67918CF49450046A82F /* UIImage+Utility.m */,
				6006B67A18CF49450046A82F /* UIView+Frame.h */,
				6006B67B18CF49450046A82F /* UIView+Frame.m */,
			);
			path = Utils;
			sourceTree = "<group>";
		};
		6006B67C18CF49450046A82F /* ViewController */ = {
			isa = PBXGroup;
			children = (
				6006B67D18CF49450046A82F /* _CLImageEditorViewController.h */,
				6006B67E18CF49450046A82F /* _CLImageEditorViewController.m */,
				6006B67F18CF49450046A82F /* _CLImageEditorViewController.xib */,
				609D7B011964E990009EE055 /* UIActivityView */,
			);
			path = ViewController;
			sourceTree = "<group>";
		};
		6006B68018CF49450046A82F /* OptionalImageTools */ = {
			isa = PBXGroup;
			children = (
				6006B68118CF49450046A82F /* CLResizeTool */,
				6006B68418CF49450046A82F /* CLStickerTool */,
			);
			path = OptionalImageTools;
			sourceTree = "<group>";
		};
		6006B68118CF49450046A82F /* CLResizeTool */ = {
			isa = PBXGroup;
			children = (
				6006B68218CF49450046A82F /* CLResizeTool.h */,
				6006B68318CF49450046A82F /* CLResizeTool.m */,
			);
			path = CLResizeTool;
			sourceTree = "<group>";
		};
		6006B68418CF49450046A82F /* CLStickerTool */ = {
			isa = PBXGroup;
			children = (
				6006B68518CF49450046A82F /* CLStickerTool.h */,
				6006B68618CF49450046A82F /* CLStickerTool.m */,
			);
			path = CLStickerTool;
			sourceTree = "<group>";
		};
		609D7B011964E990009EE055 /* UIActivityView */ = {
			isa = PBXGroup;
			children = (
				609D7B4E19654F5D009EE055 /* SelfActivity */,
				609D7B5D196563E8009EE055 /* flickrActivity */,
				609D7B3219653689009EE055 /* InstagramActivity */,
				609D7B5519655E74009EE055 /* mixiActivity */,
				609D7B1519651EB4009EE055 /* KakaoTalkActivity */,
				609D7B021964EA38009EE055 /* LINEActivity */,
			);
			name = UIActivityView;
			sourceTree = "<group>";
		};
		609D7B021964EA38009EE055 /* LINEActivity */ = {
			isa = PBXGroup;
			children = (
				609D7B1D19652E23009EE055 /* icon_line.png */,
				609D7B1E19652E23009EE055 /* icon_line@2x.png */,
				609D7B1F19652E23009EE055 /* icon_line@2x~ipad.png */,
				609D7B2019652E23009EE055 /* icon_line~ipad.png */,
				609D7B2119652E23009EE055 /* LINEActivity.h */,
				609D7B2219652E23009EE055 /* LINEActivity.m */,
			);
			name = LINEActivity;
			path = "../../../../Downloads/LINEActivity-master/LINEActivity";
			sourceTree = "<group>";
		};
		609D7B1519651EB4009EE055 /* KakaoTalkActivity */ = {
			isa = PBXGroup;
			children = (
				609D7B2819652E6F009EE055 /* DCKakaoActivity.h */,
				609D7B2919652E6F009EE055 /* DCKakaoActivity.m */,
				609D7B2A19652E6F009EE055 /* icon_kakao.png */,
				609D7B2B19652E6F009EE055 /* icon_kakao@2x.png */,
			);
			name = KakaoTalkActivity;
			sourceTree = "<group>";
		};
		609D7B3219653689009EE055 /* InstagramActivity */ = {
			isa = PBXGroup;
			children = (
				609D7B4A19654DD5009EE055 /* instagram.jpeg */,
				609D7B4B19654DD5009EE055 /* instagram@2x.jpeg */,
				609D7B4419654167009EE055 /* instagram~ipad.png */,
				609D7B4519654167009EE055 /* instagram~ipad@2x.png */,
				609D7B3F19653FA6009EE055 /* InstagramActivity.h */,
				609D7B4019653FA6009EE055 /* InstagramActivity.m */,
			);
			name = InstagramActivity;
			sourceTree = "<group>";
		};
		609D7B4E19654F5D009EE055 /* SelfActivity */ = {
			isa = PBXGroup;
			children = (
				603E523F196A67FB002BF4FB /* self_ icon.png */,
				603E5240196A67FB002BF4FB /* self_ icon@2x.png */,
				609D7B52196550AD009EE055 /* SelfActivity.h */,
				609D7B53196550AD009EE055 /* SelfActivity.m */,
			);
			name = SelfActivity;
			sourceTree = "<group>";
		};
		609D7B5519655E74009EE055 /* mixiActivity */ = {
			isa = PBXGroup;
			children = (
				609D7B59196560F9009EE055 /* mixi_icon.png */,
				609D7B5A196560F9009EE055 /* mixi_icon@2x.png */,
				609D7B5619655E91009EE055 /* mixiActivity.h */,
				609D7B5719655E91009EE055 /* mixiActivity.m */,
			);
			name = mixiActivity;
			sourceTree = "<group>";
		};
		609D7B5D196563E8009EE055 /* flickrActivity */ = {
			isa = PBXGroup;
			children = (
				609D7B6119656EC2009EE055 /* flickr_icon.png */,
				609D7B6219656EC2009EE055 /* flickr_icon@2x.png */,
				609D7B5E19656423009EE055 /* flickrActivity.h */,
				609D7B5F19656423009EE055 /* flickrActivity.m */,
			);
			name = flickrActivity;
			sourceTree = "<group>";
		};
		60DED48D18E3FE960077C7A7 /* image */ = {
			isa = PBXGroup;
			children = (
				15F1401B19757C9200C147AE /* 1.txt */,
				15F1401C19757C9200C147AE /* 2.txt */,
				15F1401D19757C9200C147AE /* 3.txt */,
				15F1401E19757C9200C147AE /* 4.txt */,
				60A4591318ED27B500220A3B /*  icon1.png */,
				60A4591418ED27B500220A3B /*  icon2.png */,
				60A4591518ED27B500220A3B /*  icon3.png */,
				60A4591618ED27B500220A3B /*  icon4.png */,
				60A4591718ED27B500220A3B /*  icon5.png */,
				60A4591818ED27B500220A3B /*  icon6.png */,
				60A4590D18ED268C00220A3B /* Default-568h@2x.png */,
				60A4590E18ED268C00220A3B /* Default.png */,
				60A4590F18ED268C00220A3B /* Default@2x.png */,
				60C4287518EAB11B0029FB7A /* check30.png */,
				60C4287318EAAE600029FB7A /* 001.png */,
				60DED49118E407CB0077C7A7 /* camera44.png */,
				60DED49218E407CB0077C7A7 /* film40.png */,
				60DED49318E407CB0077C7A7 /* pencil32.png */,
				60DED49418E407CB0077C7A7 /* round41.png */,
				6006B6B318D046150046A82F /* pic01.jpg */,
			);
			name = image;
			sourceTree = "<group>";
		};
		751E50F2195A6D840059E8D5 /* mot_img */ = {
			isa = PBXGroup;
			children = (
				751E50F3195A6D840059E8D5 /* slice1.png */,
			);
			path = mot_img;
			sourceTree = "<group>";
		};
		753C81331975144600B817EB /* favoriteBtn */ = {
			isa = PBXGroup;
			children = (
				753C81341975144600B817EB /* GBFlatButton.h */,
				753C81351975144600B817EB /* GBFlatButton.m */,
				753C81361975144600B817EB /* GBFlatSelectableButton.h */,
				753C81371975144600B817EB /* GBFlatSelectableButton.m */,
				753C81381975144600B817EB /* UIColor+GBFlatButton.h */,
				753C81391975144600B817EB /* UIColor+GBFlatButton.m */,
			);
			path = favoriteBtn;
			sourceTree = SOURCE_ROOT;
		};
/* End PBXGroup section */

/* Begin PBXNativeTarget section */
		6006B5F818CF48F70046A82F /* picmot */ = {
			isa = PBXNativeTarget;
			buildConfigurationList = 6006B62B18CF48F80046A82F /* Build configuration list for PBXNativeTarget "picmot" */;
			buildPhases = (
				6006B5F518CF48F70046A82F /* Sources */,
				6006B5F618CF48F70046A82F /* Frameworks */,
				6006B5F718CF48F70046A82F /* Resources */,
			);
			buildRules = (
			);
			dependencies = (
			);
			name = picmot;
			productName = picmot;
			productReference = 6006B5F918CF48F70046A82F /* picmot.app */;
			productType = "com.apple.product-type.application";
		};
		6006B61918CF48F70046A82F /* picmotTests */ = {
			isa = PBXNativeTarget;
			buildConfigurationList = 6006B62E18CF48F80046A82F /* Build configuration list for PBXNativeTarget "picmotTests" */;
			buildPhases = (
				6006B61618CF48F70046A82F /* Sources */,
				6006B61718CF48F70046A82F /* Frameworks */,
				6006B61818CF48F70046A82F /* Resources */,
			);
			buildRules = (
			);
			dependencies = (
				6006B62018CF48F70046A82F /* PBXTargetDependency */,
			);
			name = picmotTests;
			productName = picmotTests;
			productReference = 6006B61A18CF48F70046A82F /* picmotTests.xctest */;
			productType = "com.apple.product-type.bundle.unit-test";
		};
/* End PBXNativeTarget section */

/* Begin PBXProject section */
		6006B5F118CF48F70046A82F /* Project object */ = {
			isa = PBXProject;
			attributes = {
				LastUpgradeCheck = 0510;
				ORGANIZATIONNAME = "Chihiro Murata";
				TargetAttributes = {
					6006B5F818CF48F70046A82F = {
						DevelopmentTeam = 6NXL5PSQBG;
					};
					6006B61918CF48F70046A82F = {
						TestTargetID = 6006B5F818CF48F70046A82F;
					};
				};
			};
			buildConfigurationList = 6006B5F418CF48F70046A82F /* Build configuration list for PBXProject "picmot" */;
			compatibilityVersion = "Xcode 3.2";
			developmentRegion = English;
			hasScannedForEncodings = 0;
			knownRegions = (
				en,
				Base,
			);
			mainGroup = 6006B5F018CF48F70046A82F;
			productRefGroup = 6006B5FA18CF48F70046A82F /* Products */;
			projectDirPath = "";
			projectRoot = "";
			targets = (
				6006B5F818CF48F70046A82F /* picmot */,
				6006B61918CF48F70046A82F /* picmotTests */,
			);
		};
/* End PBXProject section */

/* Begin PBXResourcesBuildPhase section */
		6006B5F718CF48F70046A82F /* Resources */ = {
			isa = PBXResourcesBuildPhase;
			buildActionMask = 2147483647;
			files = (
				6006B61518CF48F70046A82F /* Images.xcassets in Resources */,
				60A4591B18ED27B500220A3B /*  icon3.png in Resources */,
				15F1402119757C9200C147AE /* 3.txt in Resources */,
				6006B68718CF49450046A82F /* CLImageEditor.bundle in Resources */,
				751E50F4195A6D840059E8D5 /* slice1.png in Resources */,
				60DED49818E407CB0077C7A7 /* pencil32.png in Resources */,
				60C4287418EAAE600029FB7A /* 001.png in Resources */,
				609D7B3019652E6F009EE055 /* icon_kakao@2x.png in Resources */,
				609D7B6419656EC2009EE055 /* flickr_icon@2x.png in Resources */,
				60A4591C18ED27B500220A3B /*  icon4.png in Resources */,
				15F140081975232400C147AE /* ChangeLogUnzip in Resources */,
				60DED49918E407CB0077C7A7 /* round41.png in Resources */,
				609D7B2F19652E6F009EE055 /* icon_kakao.png in Resources */,
				609D7B4819654167009EE055 /* instagram~ipad.png in Resources */,
				609D7B5C196560F9009EE055 /* mixi_icon@2x.png in Resources */,
				60DED49718E407CB0077C7A7 /* film40.png in Resources */,
				60DED49618E407CB0077C7A7 /* camera44.png in Resources */,
				751E50F6195A76340059E8D5 /* motList.plist in Resources */,
				60A4591918ED27B500220A3B /*  icon1.png in Resources */,
				6006B60718CF48F70046A82F /* InfoPlist.strings in Resources */,
				60A4591D18ED27B500220A3B /*  icon5.png in Resources */,
				603E5241196A67FB002BF4FB /* self_ icon.png in Resources */,
				6006B61018CF48F70046A82F /* Main.storyboard in Resources */,
				609D7B2419652E23009EE055 /* icon_line@2x.png in Resources */,
				609D7B6319656EC2009EE055 /* flickr_icon.png in Resources */,
				60A4591218ED268C00220A3B /* Default@2x.png in Resources */,
				60A4591A18ED27B500220A3B /*  icon2.png in Resources */,
				609D7B4C19654DD5009EE055 /* instagram.jpeg in Resources */,
				609D7B4919654167009EE055 /* instagram~ipad@2x.png in Resources */,
				609D7B4D19654DD5009EE055 /* instagram@2x.jpeg in Resources */,
				609D7B2519652E23009EE055 /* icon_line@2x~ipad.png in Resources */,
				60A4591018ED268C00220A3B /* Default-568h@2x.png in Resources */,
				15F1401F19757C9200C147AE /* 1.txt in Resources */,
				15F1402219757C9200C147AE /* 4.txt in Resources */,
				60A4591E18ED27B500220A3B /*  icon6.png in Resources */,
				6006B6A718CF49450046A82F /* _CLImageEditorViewController.xib in Resources */,
				6006B6B418D046150046A82F /* pic01.jpg in Resources */,
				609D7B5B196560F9009EE055 /* mixi_icon.png in Resources */,
				15F1402019757C9200C147AE /* 2.txt in Resources */,
				60C4287618EAB11B0029FB7A /* check30.png in Resources */,
				609D7B2319652E23009EE055 /* icon_line.png in Resources */,
				603E5242196A67FB002BF4FB /* self_ icon@2x.png in Resources */,
				60A4591118ED268C00220A3B /* Default.png in Resources */,
				609D7B2619652E23009EE055 /* icon_line~ipad.png in Resources */,
			);
			runOnlyForDeploymentPostprocessing = 0;
		};
		6006B61818CF48F70046A82F /* Resources */ = {
			isa = PBXResourcesBuildPhase;
			buildActionMask = 2147483647;
			files = (
				6006B62618CF48F70046A82F /* InfoPlist.strings in Resources */,
			);
			runOnlyForDeploymentPostprocessing = 0;
		};
/* End PBXResourcesBuildPhase section */

/* Begin PBXSourcesBuildPhase section */
		6006B5F518CF48F70046A82F /* Sources */ = {
			isa = PBXSourcesBuildPhase;
			buildActionMask = 2147483647;
			files = (
				75B4BFFD19765DA2006D3FD1 /* FavoriteViewController.m in Sources */,
				15F140091975232400C147AE /* ioapi.c in Sources */,
				6006B6B718D047570046A82F /* MotDetailViewController.m in Sources */,
				753C813C1975144600B817EB /* UIColor+GBFlatButton.m in Sources */,
				6006B69718CF49450046A82F /* CLFilterBase.m in Sources */,
				6006B68A18CF49450046A82F /* CLImageToolInfo.m in Sources */,
				753C813B1975144600B817EB /* GBFlatSelectableButton.m in Sources */,
				6006B68C18CF49450046A82F /* CLBlurTool.m in Sources */,
				6006B69018CF49450046A82F /* CLHighlightShadowEffect.m in Sources */,
				15F1400D1975232400C147AE /* zip.c in Sources */,
				6006B61318CF48F70046A82F /* ViewController.m in Sources */,
				6006B69C18CF49450046A82F /* CLCircleView.m in Sources */,
				609D7B6019656423009EE055 /* flickrActivity.m in Sources */,
				6006B68B18CF49450046A82F /* CLAdjustmentTool.m in Sources */,
				15F140101975233300C147AE /* ZipArchive.mm in Sources */,
				6006B69D18CF49450046A82F /* CLImageEditorTheme+Private.m in Sources */,
				6006B60D18CF48F70046A82F /* AppDelegate.m in Sources */,
				6006B69518CF49450046A82F /* CLEffectBase.m in Sources */,
				6006B69F18CF49450046A82F /* CLToolbarMenuItem.m in Sources */,
				6006B6A018CF49450046A82F /* UIView+CLImageToolInfo.m in Sources */,
				609D7B5819655E91009EE055 /* mixiActivity.m in Sources */,
				15F1400A1975232400C147AE /* Makefile in Sources */,
				6006B6A918CF49450046A82F /* CLStickerTool.m in Sources */,
				6006B6A618CF49450046A82F /* _CLImageEditorViewController.m in Sources */,
				1519F0601974A73A006FBA84 /* StickerDetailViewController.m in Sources */,
				6006B6A418CF49450046A82F /* UIImage+Utility.m in Sources */,
				6006B69618CF49450046A82F /* CLEffectTool.m in Sources */,
				609D7B54196550AD009EE055 /* SelfActivity.m in Sources */,
				6006B69918CF49450046A82F /* CLImageToolBase.m in Sources */,
				15CFAA6919628C7200889EED /* ServerViewController.m in Sources */,
				6006B6B218D044750046A82F /* MotTableViewController.m in Sources */,
				6006B6A218CF49450046A82F /* CLSplineInterpolator.m in Sources */,
				6006B68E18CF49450046A82F /* CLBloomEffect.m in Sources */,
				609D7B2719652E23009EE055 /* LINEActivity.m in Sources */,
				6006B68D18CF49450046A82F /* CLClippingTool.m in Sources */,
				609D7B6D196684EA009EE055 /* DetailAlbumViewController.m in Sources */,
				6006B6A818CF49450046A82F /* CLResizeTool.m in Sources */,
				609D7B4119653FA6009EE055 /* InstagramActivity.m in Sources */,
				609D7B2E19652E6F009EE055 /* DCKakaoActivity.m in Sources */,
				6006B6A118CF49450046A82F /* CLClassList.m in Sources */,
				6006B6A318CF49450046A82F /* UIDevice+SystemVersion.m in Sources */,
				15F1400B1975232400C147AE /* mztools.c in Sources */,
				6006B69218CF49450046A82F /* CLPixellateEffect.m in Sources */,
				6006B6A518CF49450046A82F /* UIView+Frame.m in Sources */,
				6006B69818CF49450046A82F /* CLFilterTool.m in Sources */,
				6006B68918CF49450046A82F /* CLImageEditorTheme.m in Sources */,
				6006B60918CF48F70046A82F /* main.m in Sources */,
				6006B69E18CF49450046A82F /* CLImageToolInfo+Private.m in Sources */,
				1519F0631974A754006FBA84 /* DownloadViewController.m in Sources */,
				6006B69B18CF49450046A82F /* CLToneCurveTool.m in Sources */,
				1519F0661974A770006FBA84 /* DownloadpageViewController.m in Sources */,
				6006B69418CF49450046A82F /* CLSpotEffect.m in Sources */,
				6006B68818CF49450046A82F /* CLImageEditor.m in Sources */,
				6006B69118CF49450046A82F /* CLHueEffect.m in Sources */,
				609D7B6A196684B1009EE055 /* AlbumViewController.m in Sources */,
				753C813A1975144600B817EB /* GBFlatButton.m in Sources */,
				6006B68F18CF49450046A82F /* CLGloomEffect.m in Sources */,
				609920561967F27600F999B7 /* CollectionCell.m in Sources */,
				6006B69318CF49450046A82F /* CLPosterizeEffect.m in Sources */,
				15F1400C1975232400C147AE /* unzip.c in Sources */,
				6006B69A18CF49450046A82F /* CLRotateTool.m in Sources */,
			);
			runOnlyForDeploymentPostprocessing = 0;
		};
		6006B61618CF48F70046A82F /* Sources */ = {
			isa = PBXSourcesBuildPhase;
			buildActionMask = 2147483647;
			files = (
				6006B62818CF48F70046A82F /* picmotTests.m in Sources */,
			);
			runOnlyForDeploymentPostprocessing = 0;
		};
/* End PBXSourcesBuildPhase section */

/* Begin PBXTargetDependency section */
		6006B62018CF48F70046A82F /* PBXTargetDependency */ = {
			isa = PBXTargetDependency;
			target = 6006B5F818CF48F70046A82F /* picmot */;
			targetProxy = 6006B61F18CF48F70046A82F /* PBXContainerItemProxy */;
		};
/* End PBXTargetDependency section */

/* Begin PBXVariantGroup section */
		6006B60518CF48F70046A82F /* InfoPlist.strings */ = {
			isa = PBXVariantGroup;
			children = (
				6006B60618CF48F70046A82F /* en */,
			);
			name = InfoPlist.strings;
			sourceTree = "<group>";
		};
		6006B60E18CF48F70046A82F /* Main.storyboard */ = {
			isa = PBXVariantGroup;
			children = (
				6006B60F18CF48F70046A82F /* Base */,
			);
			name = Main.storyboard;
			sourceTree = "<group>";
		};
		6006B62418CF48F70046A82F /* InfoPlist.strings */ = {
			isa = PBXVariantGroup;
			children = (
				6006B62518CF48F70046A82F /* en */,
			);
			name = InfoPlist.strings;
			sourceTree = "<group>";
		};
/* End PBXVariantGroup section */

/* Begin XCBuildConfiguration section */
		6006B62918CF48F80046A82F /* Debug */ = {
			isa = XCBuildConfiguration;
			buildSettings = {
				ALWAYS_SEARCH_USER_PATHS = NO;
				CLANG_CXX_LANGUAGE_STANDARD = "gnu++0x";
				CLANG_CXX_LIBRARY = "libc++";
				CLANG_ENABLE_MODULES = YES;
				CLANG_ENABLE_OBJC_ARC = YES;
				CLANG_WARN_BOOL_CONVERSION = YES;
				CLANG_WARN_CONSTANT_CONVERSION = YES;
				CLANG_WARN_DIRECT_OBJC_ISA_USAGE = YES_ERROR;
				CLANG_WARN_EMPTY_BODY = YES;
				CLANG_WARN_ENUM_CONVERSION = YES;
				CLANG_WARN_INT_CONVERSION = YES;
				CLANG_WARN_OBJC_ROOT_CLASS = YES_ERROR;
				CLANG_WARN__DUPLICATE_METHOD_MATCH = YES;
				CODE_SIGN_IDENTITY = "iPhone Developer: Chihiro Murata (5GNGDQ2KBN)";
				"CODE_SIGN_IDENTITY[sdk=iphoneos*]" = "iPhone Developer: Chihiro Murata (5GNGDQ2KBN)";
				COPY_PHASE_STRIP = NO;
				GCC_C_LANGUAGE_STANDARD = gnu99;
				GCC_DYNAMIC_NO_PIC = NO;
				GCC_OPTIMIZATION_LEVEL = 0;
				GCC_PREPROCESSOR_DEFINITIONS = (
					"DEBUG=1",
					"$(inherited)",
				);
				GCC_SYMBOLS_PRIVATE_EXTERN = NO;
				GCC_WARN_64_TO_32_BIT_CONVERSION = YES;
				GCC_WARN_ABOUT_RETURN_TYPE = YES_ERROR;
				GCC_WARN_UNDECLARED_SELECTOR = YES;
				GCC_WARN_UNINITIALIZED_AUTOS = YES;
				GCC_WARN_UNUSED_FUNCTION = YES;
				GCC_WARN_UNUSED_VARIABLE = YES;
				IPHONEOS_DEPLOYMENT_TARGET = 7.0;
				ONLY_ACTIVE_ARCH = YES;
				SDKROOT = iphoneos;
			};
			name = Debug;
		};
		6006B62A18CF48F80046A82F /* Release */ = {
			isa = XCBuildConfiguration;
			buildSettings = {
				ALWAYS_SEARCH_USER_PATHS = NO;
				CLANG_CXX_LANGUAGE_STANDARD = "gnu++0x";
				CLANG_CXX_LIBRARY = "libc++";
				CLANG_ENABLE_MODULES = YES;
				CLANG_ENABLE_OBJC_ARC = YES;
				CLANG_WARN_BOOL_CONVERSION = YES;
				CLANG_WARN_CONSTANT_CONVERSION = YES;
				CLANG_WARN_DIRECT_OBJC_ISA_USAGE = YES_ERROR;
				CLANG_WARN_EMPTY_BODY = YES;
				CLANG_WARN_ENUM_CONVERSION = YES;
				CLANG_WARN_INT_CONVERSION = YES;
				CLANG_WARN_OBJC_ROOT_CLASS = YES_ERROR;
				CLANG_WARN__DUPLICATE_METHOD_MATCH = YES;
				CODE_SIGN_IDENTITY = "iPhone Developer: Chihiro Murata (5GNGDQ2KBN)";
				"CODE_SIGN_IDENTITY[sdk=iphoneos*]" = "iPhone Developer: Chihiro Murata (5GNGDQ2KBN)";
				COPY_PHASE_STRIP = YES;
				ENABLE_NS_ASSERTIONS = NO;
				GCC_C_LANGUAGE_STANDARD = gnu99;
				GCC_WARN_64_TO_32_BIT_CONVERSION = YES;
				GCC_WARN_ABOUT_RETURN_TYPE = YES_ERROR;
				GCC_WARN_UNDECLARED_SELECTOR = YES;
				GCC_WARN_UNINITIALIZED_AUTOS = YES;
				GCC_WARN_UNUSED_FUNCTION = YES;
				GCC_WARN_UNUSED_VARIABLE = YES;
				IPHONEOS_DEPLOYMENT_TARGET = 7.0;
				SDKROOT = iphoneos;
				VALIDATE_PRODUCT = YES;
			};
			name = Release;
		};
		6006B62C18CF48F80046A82F /* Debug */ = {
			isa = XCBuildConfiguration;
			buildSettings = {
				ASSETCATALOG_COMPILER_APPICON_NAME = AppIcon;
				ASSETCATALOG_COMPILER_LAUNCHIMAGE_NAME = LaunchImage;
				CODE_SIGN_IDENTITY = "iPhone Developer: Chihiro Murata (5GNGDQ2KBN)";
				GCC_PRECOMPILE_PREFIX_HEADER = YES;
				GCC_PREFIX_HEADER = "picmot/picmot-Prefix.pch";
				INFOPLIST_FILE = "picmot/picmot-Info.plist";
				PRODUCT_NAME = "$(TARGET_NAME)";
				WRAPPER_EXTENSION = app;
			};
			name = Debug;
		};
		6006B62D18CF48F80046A82F /* Release */ = {
			isa = XCBuildConfiguration;
			buildSettings = {
				ASSETCATALOG_COMPILER_APPICON_NAME = AppIcon;
				ASSETCATALOG_COMPILER_LAUNCHIMAGE_NAME = LaunchImage;
				CODE_SIGN_IDENTITY = "iPhone Developer: Chihiro Murata (5GNGDQ2KBN)";
				GCC_PRECOMPILE_PREFIX_HEADER = YES;
				GCC_PREFIX_HEADER = "picmot/picmot-Prefix.pch";
				INFOPLIST_FILE = "picmot/picmot-Info.plist";
				PRODUCT_NAME = "$(TARGET_NAME)";
				WRAPPER_EXTENSION = app;
			};
			name = Release;
		};
		6006B62F18CF48F80046A82F /* Debug */ = {
			isa = XCBuildConfiguration;
			buildSettings = {
				BUNDLE_LOADER = "$(BUILT_PRODUCTS_DIR)/picmot.app/picmot";
				FRAMEWORK_SEARCH_PATHS = (
					"$(SDKROOT)/Developer/Library/Frameworks",
					"$(inherited)",
					"$(DEVELOPER_FRAMEWORKS_DIR)",
				);
				GCC_PRECOMPILE_PREFIX_HEADER = YES;
				GCC_PREFIX_HEADER = "picmot/picmot-Prefix.pch";
				GCC_PREPROCESSOR_DEFINITIONS = (
					"DEBUG=1",
					"$(inherited)",
				);
				INFOPLIST_FILE = "picmotTests/picmotTests-Info.plist";
				PRODUCT_NAME = "$(TARGET_NAME)";
				TEST_HOST = "$(BUNDLE_LOADER)";
				WRAPPER_EXTENSION = xctest;
			};
			name = Debug;
		};
		6006B63018CF48F80046A82F /* Release */ = {
			isa = XCBuildConfiguration;
			buildSettings = {
				BUNDLE_LOADER = "$(BUILT_PRODUCTS_DIR)/picmot.app/picmot";
				FRAMEWORK_SEARCH_PATHS = (
					"$(SDKROOT)/Developer/Library/Frameworks",
					"$(inherited)",
					"$(DEVELOPER_FRAMEWORKS_DIR)",
				);
				GCC_PRECOMPILE_PREFIX_HEADER = YES;
				GCC_PREFIX_HEADER = "picmot/picmot-Prefix.pch";
				INFOPLIST_FILE = "picmotTests/picmotTests-Info.plist";
				PRODUCT_NAME = "$(TARGET_NAME)";
				TEST_HOST = "$(BUNDLE_LOADER)";
				WRAPPER_EXTENSION = xctest;
			};
			name = Release;
		};
/* End XCBuildConfiguration section */

/* Begin XCConfigurationList section */
		6006B5F418CF48F70046A82F /* Build configuration list for PBXProject "picmot" */ = {
			isa = XCConfigurationList;
			buildConfigurations = (
				6006B62918CF48F80046A82F /* Debug */,
				6006B62A18CF48F80046A82F /* Release */,
			);
			defaultConfigurationIsVisible = 0;
			defaultConfigurationName = Release;
		};
		6006B62B18CF48F80046A82F /* Build configuration list for PBXNativeTarget "picmot" */ = {
			isa = XCConfigurationList;
			buildConfigurations = (
				6006B62C18CF48F80046A82F /* Debug */,
				6006B62D18CF48F80046A82F /* Release */,
			);
			defaultConfigurationIsVisible = 0;
			defaultConfigurationName = Release;
		};
		6006B62E18CF48F80046A82F /* Build configuration list for PBXNativeTarget "picmotTests" */ = {
			isa = XCConfigurationList;
			buildConfigurations = (
				6006B62F18CF48F80046A82F /* Debug */,
				6006B63018CF48F80046A82F /* Release */,
			);
			defaultConfigurationIsVisible = 0;
			defaultConfigurationName = Release;
		};
/* End XCConfigurationList section */
	};
	rootObject = 6006B5F118CF48F70046A82F /* Project object */;
}
